// !$*UTF8*$!
{
	archiveVersion = 1;
	classes = {
	};
	objectVersion = 56;
	objects = {

/* Begin PBXBuildFile section */
		04B97D1F2C737C2D0038C98C /* ChatRoomListView.swift in Sources */ = {isa = PBXBuildFile; fileRef = 04B97C5C2C737C2D0038C98C /* ChatRoomListView.swift */; };
		04B97D202C737C2D0038C98C /* ChatView.swift in Sources */ = {isa = PBXBuildFile; fileRef = 04B97C5D2C737C2D0038C98C /* ChatView.swift */; };
		04B97D212C737C2D0038C98C /* ReportView.swift in Sources */ = {isa = PBXBuildFile; fileRef = 04B97C5E2C737C2D0038C98C /* ReportView.swift */; };
		04B97D222C737C2D0038C98C /* AlertModifier.swift in Sources */ = {isa = PBXBuildFile; fileRef = 04B97C602C737C2D0038C98C /* AlertModifier.swift */; };
		04B97D232C737C2D0038C98C /* ButtonStyle.swift in Sources */ = {isa = PBXBuildFile; fileRef = 04B97C612C737C2D0038C98C /* ButtonStyle.swift */; };
		04B97D242C737C2D0038C98C /* ConfirmationContentPresentable.swift in Sources */ = {isa = PBXBuildFile; fileRef = 04B97C622C737C2D0038C98C /* ConfirmationContentPresentable.swift */; };
		04B97D252C737C2D0038C98C /* ConfirmationDialogModifier.swift in Sources */ = {isa = PBXBuildFile; fileRef = 04B97C632C737C2D0038C98C /* ConfirmationDialogModifier.swift */; };
		04B97D262C737C2D0038C98C /* NavigationModifier.swift in Sources */ = {isa = PBXBuildFile; fileRef = 04B97C642C737C2D0038C98C /* NavigationModifier.swift */; };
		04B97D272C737C2D0038C98C /* TabItemModifier.swift in Sources */ = {isa = PBXBuildFile; fileRef = 04B97C652C737C2D0038C98C /* TabItemModifier.swift */; };
		04B97D282C737C2D0038C98C /* TextFieldModifier.swift in Sources */ = {isa = PBXBuildFile; fileRef = 04B97C662C737C2D0038C98C /* TextFieldModifier.swift */; };
		04B97D292C737C2D0038C98C /* View+Extension.swift in Sources */ = {isa = PBXBuildFile; fileRef = 04B97C672C737C2D0038C98C /* View+Extension.swift */; };
		04B97D2A2C737C2D0038C98C /* AsyncImageView.swift in Sources */ = {isa = PBXBuildFile; fileRef = 04B97C692C737C2D0038C98C /* AsyncImageView.swift */; };
		04B97D2B2C737C2D0038C98C /* BackButton.swift in Sources */ = {isa = PBXBuildFile; fileRef = 04B97C6A2C737C2D0038C98C /* BackButton.swift */; };
		04B97D2C2C737C2D0038C98C /* Badge.swift in Sources */ = {isa = PBXBuildFile; fileRef = 04B97C6B2C737C2D0038C98C /* Badge.swift */; };
		04B97D2D2C737C2D0038C98C /* CapsuleTag.swift in Sources */ = {isa = PBXBuildFile; fileRef = 04B97C6C2C737C2D0038C98C /* CapsuleTag.swift */; };
		04B97D2E2C737C2D0038C98C /* CustomPageControl.swift in Sources */ = {isa = PBXBuildFile; fileRef = 04B97C6D2C737C2D0038C98C /* CustomPageControl.swift */; };
		04B97D2F2C737C2D0038C98C /* DefaultCheckBox.swift in Sources */ = {isa = PBXBuildFile; fileRef = 04B97C6E2C737C2D0038C98C /* DefaultCheckBox.swift */; };
		04B97D302C737C2D0038C98C /* FlatButton.swift in Sources */ = {isa = PBXBuildFile; fileRef = 04B97C6F2C737C2D0038C98C /* FlatButton.swift */; };
		04B97D312C737C2D0038C98C /* RoundedTextField.swift in Sources */ = {isa = PBXBuildFile; fileRef = 04B97C702C737C2D0038C98C /* RoundedTextField.swift */; };
		04B97D322C737C2D0038C98C /* SearchBar.swift in Sources */ = {isa = PBXBuildFile; fileRef = 04B97C712C737C2D0038C98C /* SearchBar.swift */; };
		04B97D332C737C2D0038C98C /* SignInKakaoButton.swift in Sources */ = {isa = PBXBuildFile; fileRef = 04B97C722C737C2D0038C98C /* SignInKakaoButton.swift */; };
		04B97D342C737C2D0038C98C /* StrokedButton.swift in Sources */ = {isa = PBXBuildFile; fileRef = 04B97C732C737C2D0038C98C /* StrokedButton.swift */; };
		04B97D352C737C2D0038C98C /* HomeViewModel.swift in Sources */ = {isa = PBXBuildFile; fileRef = 04B97C752C737C2D0038C98C /* HomeViewModel.swift */; };
		04B97D362C737C2D0038C98C /* NotificationViewModel.swift in Sources */ = {isa = PBXBuildFile; fileRef = 04B97C762C737C2D0038C98C /* NotificationViewModel.swift */; };
		04B97D372C737C2D0038C98C /* ParticipationRequestListViewModel.swift in Sources */ = {isa = PBXBuildFile; fileRef = 04B97C772C737C2D0038C98C /* ParticipationRequestListViewModel.swift */; };
		04B97D382C737C2D0038C98C /* PlaceInformationDetailMakingViewModel.swift in Sources */ = {isa = PBXBuildFile; fileRef = 04B97C782C737C2D0038C98C /* PlaceInformationDetailMakingViewModel.swift */; };
		04B97D392C737C2D0038C98C /* PlaceInformationDetailViewModel.swift in Sources */ = {isa = PBXBuildFile; fileRef = 04B97C792C737C2D0038C98C /* PlaceInformationDetailViewModel.swift */; };
		04B97D3A2C737C2D0038C98C /* HomeView.swift in Sources */ = {isa = PBXBuildFile; fileRef = 04B97C7B2C737C2D0038C98C /* HomeView.swift */; };
		04B97D3B2C737C2D0038C98C /* MapArea.swift in Sources */ = {isa = PBXBuildFile; fileRef = 04B97C7C2C737C2D0038C98C /* MapArea.swift */; };
		04B97D3C2C737C2D0038C98C /* NotificationView.swift in Sources */ = {isa = PBXBuildFile; fileRef = 04B97C7D2C737C2D0038C98C /* NotificationView.swift */; };
		04B97D3D2C737C2D0038C98C /* ParticipationRequestListView.swift in Sources */ = {isa = PBXBuildFile; fileRef = 04B97C7E2C737C2D0038C98C /* ParticipationRequestListView.swift */; };
		04B97D3E2C737C2D0038C98C /* PlaceInformationDetailMakingView.swift in Sources */ = {isa = PBXBuildFile; fileRef = 04B97C7F2C737C2D0038C98C /* PlaceInformationDetailMakingView.swift */; };
		04B97D3F2C737C2D0038C98C /* PlaceInformationDetailView.swift in Sources */ = {isa = PBXBuildFile; fileRef = 04B97C802C737C2D0038C98C /* PlaceInformationDetailView.swift */; };
		04B97D402C737C2D0038C98C /* PlaceInformationView.swift in Sources */ = {isa = PBXBuildFile; fileRef = 04B97C812C737C2D0038C98C /* PlaceInformationView.swift */; };
		04B97D412C737C2D0038C98C /* PlacesListArea.swift in Sources */ = {isa = PBXBuildFile; fileRef = 04B97C822C737C2D0038C98C /* PlacesListArea.swift */; };
		04B97D422C737C2D0038C98C /* LoginView.swift in Sources */ = {isa = PBXBuildFile; fileRef = 04B97C852C737C2D0038C98C /* LoginView.swift */; };
		04B97D432C737C2D0038C98C /* LoginViewModel.swift in Sources */ = {isa = PBXBuildFile; fileRef = 04B97C862C737C2D0038C98C /* LoginViewModel.swift */; };
		04B97D442C737C2D0038C98C /* ContentView.swift in Sources */ = {isa = PBXBuildFile; fileRef = 04B97C882C737C2D0038C98C /* ContentView.swift */; };
		04B97D452C737C2D0038C98C /* PlaceShowcaseViewModel.swift in Sources */ = {isa = PBXBuildFile; fileRef = 04B97C8A2C737C2D0038C98C /* PlaceShowcaseViewModel.swift */; };
		04B97D462C737C2D0038C98C /* MyView.swift in Sources */ = {isa = PBXBuildFile; fileRef = 04B97C8C2C737C2D0038C98C /* MyView.swift */; };
		04B97D472C737C2D0038C98C /* PlaceShowcaseView.swift in Sources */ = {isa = PBXBuildFile; fileRef = 04B97C8D2C737C2D0038C98C /* PlaceShowcaseView.swift */; };
		04B97D482C737C2D0038C98C /* AlertType.swift in Sources */ = {isa = PBXBuildFile; fileRef = 04B97C902C737C2D0038C98C /* AlertType.swift */; };
		04B97D492C737C2D0038C98C /* ConfirmationAction.swift in Sources */ = {isa = PBXBuildFile; fileRef = 04B97C912C737C2D0038C98C /* ConfirmationAction.swift */; };
		04B97D4A2C737C2D0038C98C /* ConfirmationContent.swift in Sources */ = {isa = PBXBuildFile; fileRef = 04B97C922C737C2D0038C98C /* ConfirmationContent.swift */; };
		04B97D4B2C737C2D0038C98C /* ConfirmationDialogType.swift in Sources */ = {isa = PBXBuildFile; fileRef = 04B97C932C737C2D0038C98C /* ConfirmationDialogType.swift */; };
		04B97D4C2C737C2D0038C98C /* Route.swift in Sources */ = {isa = PBXBuildFile; fileRef = 04B97C952C737C2D0038C98C /* Route.swift */; };
		04B97D4D2C737C2D0038C98C /* RouterView.swift in Sources */ = {isa = PBXBuildFile; fileRef = 04B97C962C737C2D0038C98C /* RouterView.swift */; };
		04B97D4E2C737C2D0038C98C /* PreviewHelper.swift in Sources */ = {isa = PBXBuildFile; fileRef = 04B97C982C737C2D0038C98C /* PreviewHelper.swift */; };
		04B97D4F2C737C2D0038C98C /* MultipleSelectionButton.swift in Sources */ = {isa = PBXBuildFile; fileRef = 04B97C9A2C737C2D0038C98C /* MultipleSelectionButton.swift */; };
		04B97D502C737C2D0038C98C /* SingleSelectionButton.swift in Sources */ = {isa = PBXBuildFile; fileRef = 04B97C9B2C737C2D0038C98C /* SingleSelectionButton.swift */; };
		04B97D512C737C2D0038C98C /* DefaultMultipleSelectionButton.swift in Sources */ = {isa = PBXBuildFile; fileRef = 04B97C9D2C737C2D0038C98C /* DefaultMultipleSelectionButton.swift */; };
		04B97D522C737C2D0038C98C /* DefaultSingleSelectionButton.swift in Sources */ = {isa = PBXBuildFile; fileRef = 04B97C9E2C737C2D0038C98C /* DefaultSingleSelectionButton.swift */; };
		04B97D532C737C2D0038C98C /* GenderSelectionButton.swift in Sources */ = {isa = PBXBuildFile; fileRef = 04B97C9F2C737C2D0038C98C /* GenderSelectionButton.swift */; };
		04B97D542C737C2D0038C98C /* BirthPicker.swift in Sources */ = {isa = PBXBuildFile; fileRef = 04B97CA22C737C2D0038C98C /* BirthPicker.swift */; };
		04B97D552C737C2D0038C98C /* NicknameTextField.swift in Sources */ = {isa = PBXBuildFile; fileRef = 04B97CA32C737C2D0038C98C /* NicknameTextField.swift */; };
		04B97D562C737C2D0038C98C /* PhotosUploaderView.swift in Sources */ = {isa = PBXBuildFile; fileRef = 04B97CA42C737C2D0038C98C /* PhotosUploaderView.swift */; };
		04B97D572C737C2D0038C98C /* PhotosUploaderModifier.swift in Sources */ = {isa = PBXBuildFile; fileRef = 04B97CA62C737C2D0038C98C /* PhotosUploaderModifier.swift */; };
		04B97D582C737C2D0038C98C /* RegistrationView.swift in Sources */ = {isa = PBXBuildFile; fileRef = 04B97CA82C737C2D0038C98C /* RegistrationView.swift */; };
		04B97D592C737C2D0038C98C /* RegistrationViewModel.swift in Sources */ = {isa = PBXBuildFile; fileRef = 04B97CA92C737C2D0038C98C /* RegistrationViewModel.swift */; };
		04B97D5A2C737C2D0038C98C /* RegistrationViewValue.swift in Sources */ = {isa = PBXBuildFile; fileRef = 04B97CAA2C737C2D0038C98C /* RegistrationViewValue.swift */; };
		04B97D5B2C737C2D0038C98C /* RequiredTermView.swift in Sources */ = {isa = PBXBuildFile; fileRef = 04B97CAB2C737C2D0038C98C /* RequiredTermView.swift */; };
		04B97D5C2C737C2D0038C98C /* Selectable.swift in Sources */ = {isa = PBXBuildFile; fileRef = 04B97CAE2C737C2D0038C98C /* Selectable.swift */; };
		04B97D5D2C737C2D0038C98C /* AuthenticationProvider.swift in Sources */ = {isa = PBXBuildFile; fileRef = 04B97CB02C737C2D0038C98C /* AuthenticationProvider.swift */; };
		04B97D5E2C737C2D0038C98C /* BlockedUser.swift in Sources */ = {isa = PBXBuildFile; fileRef = 04B97CB12C737C2D0038C98C /* BlockedUser.swift */; };
		04B97D5F2C737C2D0038C98C /* Category.swift in Sources */ = {isa = PBXBuildFile; fileRef = 04B97CB22C737C2D0038C98C /* Category.swift */; };
		04B97D602C737C2D0038C98C /* ChatMessage.swift in Sources */ = {isa = PBXBuildFile; fileRef = 04B97CB32C737C2D0038C98C /* ChatMessage.swift */; };
		04B97D612C737C2D0038C98C /* ChatRoomConfiguration.swift in Sources */ = {isa = PBXBuildFile; fileRef = 04B97CB42C737C2D0038C98C /* ChatRoomConfiguration.swift */; };
		04B97D622C737C2D0038C98C /* Community.swift in Sources */ = {isa = PBXBuildFile; fileRef = 04B97CB52C737C2D0038C98C /* Community.swift */; };
		04B97D632C737C2D0038C98C /* DateFormat.swift in Sources */ = {isa = PBXBuildFile; fileRef = 04B97CB62C737C2D0038C98C /* DateFormat.swift */; };
		04B97D642C737C2D0038C98C /* DayOfWeek.swift in Sources */ = {isa = PBXBuildFile; fileRef = 04B97CB72C737C2D0038C98C /* DayOfWeek.swift */; };
		04B97D652C737C2D0038C98C /* Gender.swift in Sources */ = {isa = PBXBuildFile; fileRef = 04B97CB82C737C2D0038C98C /* Gender.swift */; };
		04B97D662C737C2D0038C98C /* GroupSeatingState.swift in Sources */ = {isa = PBXBuildFile; fileRef = 04B97CB92C737C2D0038C98C /* GroupSeatingState.swift */; };
		04B97D672C737C2D0038C98C /* Job.swift in Sources */ = {isa = PBXBuildFile; fileRef = 04B97CBA2C737C2D0038C98C /* Job.swift */; };
		04B97D682C737C2D0038C98C /* Location.swift in Sources */ = {isa = PBXBuildFile; fileRef = 04B97CBB2C737C2D0038C98C /* Location.swift */; };
		04B97D692C737C2D0038C98C /* NoiseLevel.swift in Sources */ = {isa = PBXBuildFile; fileRef = 04B97CBC2C737C2D0038C98C /* NoiseLevel.swift */; };
		04B97D6A2C737C2D0038C98C /* OpeningHour.swift in Sources */ = {isa = PBXBuildFile; fileRef = 04B97CBD2C737C2D0038C98C /* OpeningHour.swift */; };
		04B97D6B2C737C2D0038C98C /* Place.swift in Sources */ = {isa = PBXBuildFile; fileRef = 04B97CBE2C737C2D0038C98C /* Place.swift */; };
		04B97D6C2C737C2D0038C98C /* PowerSocketState.swift in Sources */ = {isa = PBXBuildFile; fileRef = 04B97CBF2C737C2D0038C98C /* PowerSocketState.swift */; };
		04B97D6D2C737C2D0038C98C /* PushNotification.swift in Sources */ = {isa = PBXBuildFile; fileRef = 04B97CC02C737C2D0038C98C /* PushNotification.swift */; };
		04B97D6E2C737C2D0038C98C /* RegisterField.swift in Sources */ = {isa = PBXBuildFile; fileRef = 04B97CC12C737C2D0038C98C /* RegisterField.swift */; };
		04B97D6F2C737C2D0038C98C /* Report.swift in Sources */ = {isa = PBXBuildFile; fileRef = 04B97CC22C737C2D0038C98C /* Report.swift */; };
		04B97D702C737C2D0038C98C /* RequiredTerm.swift in Sources */ = {isa = PBXBuildFile; fileRef = 04B97CC32C737C2D0038C98C /* RequiredTerm.swift */; };
		04B97D712C737C2D0038C98C /* SuggestedResult.swift in Sources */ = {isa = PBXBuildFile; fileRef = 04B97CC42C737C2D0038C98C /* SuggestedResult.swift */; };
		04B97D722C737C2D0038C98C /* User.swift in Sources */ = {isa = PBXBuildFile; fileRef = 04B97CC52C737C2D0038C98C /* User.swift */; };
		04B97D732C737C2D0038C98C /* UserCredential.swift in Sources */ = {isa = PBXBuildFile; fileRef = 04B97CC62C737C2D0038C98C /* UserCredential.swift */; };
		04B97D742C737C2D0038C98C /* ChatUseCase.swift in Sources */ = {isa = PBXBuildFile; fileRef = 04B97CC82C737C2D0038C98C /* ChatUseCase.swift */; };
		04B97D752C737C2D0038C98C /* CommunityUseCase.swift in Sources */ = {isa = PBXBuildFile; fileRef = 04B97CCA2C737C2D0038C98C /* CommunityUseCase.swift */; };
		04B97D762C737C2D0038C98C /* LocalMapUseCase.swift in Sources */ = {isa = PBXBuildFile; fileRef = 04B97CCC2C737C2D0038C98C /* LocalMapUseCase.swift */; };
		04B97D772C737C2D0038C98C /* NotificationUseCase.swift in Sources */ = {isa = PBXBuildFile; fileRef = 04B97CCE2C737C2D0038C98C /* NotificationUseCase.swift */; };
		04B97D782C737C2D0038C98C /* PlaceShowcaseAndReviewUseCase.swift in Sources */ = {isa = PBXBuildFile; fileRef = 04B97CD02C737C2D0038C98C /* PlaceShowcaseAndReviewUseCase.swift */; };
		04B97D792C737C2D0038C98C /* UserBusinessUseCase.swift in Sources */ = {isa = PBXBuildFile; fileRef = 04B97CD22C737C2D0038C98C /* UserBusinessUseCase.swift */; };
		04B97D7A2C737C2D0038C98C /* UserRegistrationUseCase.swift in Sources */ = {isa = PBXBuildFile; fileRef = 04B97CD32C737C2D0038C98C /* UserRegistrationUseCase.swift */; };
		04B97D7B2C737C2D0038C98C /* UserEntity.swift in Sources */ = {isa = PBXBuildFile; fileRef = 04B97CD72C737C2D0038C98C /* UserEntity.swift */; };
		04B97D7C2C737C2D0038C98C /* ChatService.swift in Sources */ = {isa = PBXBuildFile; fileRef = 04B97CD92C737C2D0038C98C /* ChatService.swift */; };
		04B97D7D2C737C2D0038C98C /* ChatRoomCreateRequestEntity.swift in Sources */ = {isa = PBXBuildFile; fileRef = 04B97CDB2C737C2D0038C98C /* ChatRoomCreateRequestEntity.swift */; };
		04B97D7E2C737C2D0038C98C /* CommunityRecruitingContentListResponseEntity.swift in Sources */ = {isa = PBXBuildFile; fileRef = 04B97CDC2C737C2D0038C98C /* CommunityRecruitingContentListResponseEntity.swift */; };
		04B97D7F2C737C2D0038C98C /* CommunityRecruitingContentMakingRequestEntity.swift in Sources */ = {isa = PBXBuildFile; fileRef = 04B97CDD2C737C2D0038C98C /* CommunityRecruitingContentMakingRequestEntity.swift */; };
		04B97D802C737C2D0038C98C /* CommunityRecruitingContentSearchResponseEntity.swift in Sources */ = {isa = PBXBuildFile; fileRef = 04B97CDE2C737C2D0038C98C /* CommunityRecruitingContentSearchResponseEntity.swift */; };
		04B97D812C737C2D0038C98C /* DefaultResponseEntity.swift in Sources */ = {isa = PBXBuildFile; fileRef = 04B97CDF2C737C2D0038C98C /* DefaultResponseEntity.swift */; };
		04B97D822C737C2D0038C98C /* NicknameOverlappedResponseEntity.swift in Sources */ = {isa = PBXBuildFile; fileRef = 04B97CE02C737C2D0038C98C /* NicknameOverlappedResponseEntity.swift */; };
		04B97D832C737C2D0038C98C /* OpponentUserProfileResponseEntity.swift in Sources */ = {isa = PBXBuildFile; fileRef = 04B97CE12C737C2D0038C98C /* OpponentUserProfileResponseEntity.swift */; };
		04B97D842C737C2D0038C98C /* ParticipationRequestListResponseEntity.swift in Sources */ = {isa = PBXBuildFile; fileRef = 04B97CE22C737C2D0038C98C /* ParticipationRequestListResponseEntity.swift */; };
		04B97D852C737C2D0038C98C /* PlaceReviewRequestEntity.swift in Sources */ = {isa = PBXBuildFile; fileRef = 04B97CE32C737C2D0038C98C /* PlaceReviewRequestEntity.swift */; };
		04B97D862C737C2D0038C98C /* PlacesSearchResponseEntity.swift in Sources */ = {isa = PBXBuildFile; fileRef = 04B97CE42C737C2D0038C98C /* PlacesSearchResponseEntity.swift */; };
		04B97D872C737C2D0038C98C /* RelatedCommunityRecruitingContentListResponseEntity.swift in Sources */ = {isa = PBXBuildFile; fileRef = 04B97CE52C737C2D0038C98C /* RelatedCommunityRecruitingContentListResponseEntity.swift */; };
		04B97D882C737C2D0038C98C /* RelatedParticipationRequestListResponseEntity.swift in Sources */ = {isa = PBXBuildFile; fileRef = 04B97CE62C737C2D0038C98C /* RelatedParticipationRequestListResponseEntity.swift */; };
		04B97D892C737C2D0038C98C /* RelatedPlaceListSearchResponseEntity.swift in Sources */ = {isa = PBXBuildFile; fileRef = 04B97CE72C737C2D0038C98C /* RelatedPlaceListSearchResponseEntity.swift */; };
		04B97D8A2C737C2D0038C98C /* TokensEntity.swift in Sources */ = {isa = PBXBuildFile; fileRef = 04B97CE82C737C2D0038C98C /* TokensEntity.swift */; };
		04B97D8B2C737C2D0038C98C /* UserProfileResponseEntity.swift in Sources */ = {isa = PBXBuildFile; fileRef = 04B97CE92C737C2D0038C98C /* UserProfileResponseEntity.swift */; };
		04B97D8C2C737C2D0038C98C /* UserProfileUpdateRequestEntity.swift in Sources */ = {isa = PBXBuildFile; fileRef = 04B97CEA2C737C2D0038C98C /* UserProfileUpdateRequestEntity.swift */; };
		04B97D8D2C737C2D0038C98C /* UserRegistrationRequestEntity.swift in Sources */ = {isa = PBXBuildFile; fileRef = 04B97CEB2C737C2D0038C98C /* UserRegistrationRequestEntity.swift */; };
		04B97D8E2C737C2D0038C98C /* LocalMapService.swift in Sources */ = {isa = PBXBuildFile; fileRef = 04B97CED2C737C2D0038C98C /* LocalMapService.swift */; };
		04B97D8F2C737C2D0038C98C /* CLLocationManager.swift in Sources */ = {isa = PBXBuildFile; fileRef = 04B97CEF2C737C2D0038C98C /* CLLocationManager.swift */; };
		04B97D902C737C2D0038C98C /* LocationService.swift in Sources */ = {isa = PBXBuildFile; fileRef = 04B97CF12C737C2D0038C98C /* LocationService.swift */; };
		04B97D912C737C2D0038C98C /* JSONDecoder.swift in Sources */ = {isa = PBXBuildFile; fileRef = 04B97CF32C737C2D0038C98C /* JSONDecoder.swift */; };
		04B97D922C737C2D0038C98C /* JSONEncoder.swift in Sources */ = {isa = PBXBuildFile; fileRef = 04B97CF42C737C2D0038C98C /* JSONEncoder.swift */; };
		04B97D932C737C2D0038C98C /* URLSession.swift in Sources */ = {isa = PBXBuildFile; fileRef = 04B97CF52C737C2D0038C98C /* URLSession.swift */; };
		04B97D942C737C2D0038C98C /* Endpoint.swift in Sources */ = {isa = PBXBuildFile; fileRef = 04B97CF72C737C2D0038C98C /* Endpoint.swift */; };
		04B97D952C737C2D0038C98C /* NetworkService.swift in Sources */ = {isa = PBXBuildFile; fileRef = 04B97CF82C737C2D0038C98C /* NetworkService.swift */; };
		04B97D962C737C2D0038C98C /* NetworkSessionManager.swift in Sources */ = {isa = PBXBuildFile; fileRef = 04B97CF92C737C2D0038C98C /* NetworkSessionManager.swift */; };
		04B97D972C737C2D0038C98C /* Endpoint.swift in Sources */ = {isa = PBXBuildFile; fileRef = 04B97CFB2C737C2D0038C98C /* Endpoint.swift */; };
		04B97D982C737C2D0038C98C /* TokenStorage.swift in Sources */ = {isa = PBXBuildFile; fileRef = 04B97CFD2C737C2D0038C98C /* TokenStorage.swift */; };
		04B97D992C737C2D0038C98C /* AppRouter.swift in Sources */ = {isa = PBXBuildFile; fileRef = 04B97D012C737C2D0038C98C /* AppRouter.swift */; };
		04B97D9A2C737C2D0038C98C /* Assembly.swift in Sources */ = {isa = PBXBuildFile; fileRef = 04B97D032C737C2D0038C98C /* Assembly.swift */; };
		04B97D9B2C737C2D0038C98C /* DataAssembly.swift in Sources */ = {isa = PBXBuildFile; fileRef = 04B97D042C737C2D0038C98C /* DataAssembly.swift */; };
		04B97D9C2C737C2D0038C98C /* DomainAssembly.swift in Sources */ = {isa = PBXBuildFile; fileRef = 04B97D052C737C2D0038C98C /* DomainAssembly.swift */; };
		04B97D9D2C737C2D0038C98C /* InfrastructureAssembly.swift in Sources */ = {isa = PBXBuildFile; fileRef = 04B97D062C737C2D0038C98C /* InfrastructureAssembly.swift */; };
		04B97D9E2C737C2D0038C98C /* PresentationAssembly.swift in Sources */ = {isa = PBXBuildFile; fileRef = 04B97D072C737C2D0038C98C /* PresentationAssembly.swift */; };
		04B97D9F2C737C2D0038C98C /* Assembler.swift in Sources */ = {isa = PBXBuildFile; fileRef = 04B97D092C737C2D0038C98C /* Assembler.swift */; };
		04B97DA02C737C2D0038C98C /* DependencyContainer.swift in Sources */ = {isa = PBXBuildFile; fileRef = 04B97D0A2C737C2D0038C98C /* DependencyContainer.swift */; };
		04B97DA12C737C2D0038C98C /* DependencyRegister.swift in Sources */ = {isa = PBXBuildFile; fileRef = 04B97D0B2C737C2D0038C98C /* DependencyRegister.swift */; };
		04B97DA22C737C2D0038C98C /* DependencyResolver.swift in Sources */ = {isa = PBXBuildFile; fileRef = 04B97D0C2C737C2D0038C98C /* DependencyResolver.swift */; };
		04B97DA32C737C2D0038C98C /* Preview Assets.xcassets in Resources */ = {isa = PBXBuildFile; fileRef = 04B97D0E2C737C2D0038C98C /* Preview Assets.xcassets */; };
		04B97DA42C737C2D0038C98C /* Assets.xcassets in Resources */ = {isa = PBXBuildFile; fileRef = 04B97D102C737C2D0038C98C /* Assets.xcassets */; };
		04B97DA52C737C2D0038C98C /* ModakbulApp.swift in Sources */ = {isa = PBXBuildFile; fileRef = 04B97D122C737C2D0038C98C /* ModakbulApp.swift */; };
		04B97DA72C737C2D0038C98C /* ChatRepository.swift in Sources */ = {isa = PBXBuildFile; fileRef = 04B97D152C737C2D0038C98C /* ChatRepository.swift */; };
		04B97DA82C737C2D0038C98C /* Bundle+Extension.swift in Sources */ = {isa = PBXBuildFile; fileRef = 04B97D172C737C2D0038C98C /* Bundle+Extension.swift */; };
		04B97DA92C737C2D0038C98C /* PlacesRepository.swift in Sources */ = {isa = PBXBuildFile; fileRef = 04B97D192C737C2D0038C98C /* PlacesRepository.swift */; };
		04B97DAA2C737C2D0038C98C /* SocialLoginRepository.swift in Sources */ = {isa = PBXBuildFile; fileRef = 04B97D1B2C737C2D0038C98C /* SocialLoginRepository.swift */; };
		04B97DAB2C737C2D0038C98C /* UserManagementRepository.swift in Sources */ = {isa = PBXBuildFile; fileRef = 04B97D1D2C737C2D0038C98C /* UserManagementRepository.swift */; };
		04B97DAD2C737E480038C98C /* AppSecret.xcconfig in Resources */ = {isa = PBXBuildFile; fileRef = 04B97DAC2C737E480038C98C /* AppSecret.xcconfig */; };
		04E6A5C72C737FD800038DB5 /* Moya in Frameworks */ = {isa = PBXBuildFile; productRef = 04E6A5C62C737FD800038DB5 /* Moya */; };
		04E6A5CA2C73804000038DB5 /* KakaoSDKAuth in Frameworks */ = {isa = PBXBuildFile; productRef = 04E6A5C92C73804000038DB5 /* KakaoSDKAuth */; };
		04E6A5CC2C73804000038DB5 /* KakaoSDKCommon in Frameworks */ = {isa = PBXBuildFile; productRef = 04E6A5CB2C73804000038DB5 /* KakaoSDKCommon */; };
		04E6A5CE2C73804000038DB5 /* KakaoSDKUser in Frameworks */ = {isa = PBXBuildFile; productRef = 04E6A5CD2C73804000038DB5 /* KakaoSDKUser */; };
/* End PBXBuildFile section */

/* Begin PBXFileReference section */
		045E282F2C737B2F00D3E4DE /* Modakbul.app */ = {isa = PBXFileReference; explicitFileType = wrapper.application; includeInIndex = 0; path = Modakbul.app; sourceTree = BUILT_PRODUCTS_DIR; };
		04B97C5C2C737C2D0038C98C /* ChatRoomListView.swift */ = {isa = PBXFileReference; fileEncoding = 4; lastKnownFileType = sourcecode.swift; path = ChatRoomListView.swift; sourceTree = "<group>"; };
		04B97C5D2C737C2D0038C98C /* ChatView.swift */ = {isa = PBXFileReference; fileEncoding = 4; lastKnownFileType = sourcecode.swift; path = ChatView.swift; sourceTree = "<group>"; };
		04B97C5E2C737C2D0038C98C /* ReportView.swift */ = {isa = PBXFileReference; fileEncoding = 4; lastKnownFileType = sourcecode.swift; path = ReportView.swift; sourceTree = "<group>"; };
		04B97C602C737C2D0038C98C /* AlertModifier.swift */ = {isa = PBXFileReference; fileEncoding = 4; lastKnownFileType = sourcecode.swift; path = AlertModifier.swift; sourceTree = "<group>"; };
		04B97C612C737C2D0038C98C /* ButtonStyle.swift */ = {isa = PBXFileReference; fileEncoding = 4; lastKnownFileType = sourcecode.swift; path = ButtonStyle.swift; sourceTree = "<group>"; };
		04B97C622C737C2D0038C98C /* ConfirmationContentPresentable.swift */ = {isa = PBXFileReference; fileEncoding = 4; lastKnownFileType = sourcecode.swift; path = ConfirmationContentPresentable.swift; sourceTree = "<group>"; };
		04B97C632C737C2D0038C98C /* ConfirmationDialogModifier.swift */ = {isa = PBXFileReference; fileEncoding = 4; lastKnownFileType = sourcecode.swift; path = ConfirmationDialogModifier.swift; sourceTree = "<group>"; };
		04B97C642C737C2D0038C98C /* NavigationModifier.swift */ = {isa = PBXFileReference; fileEncoding = 4; lastKnownFileType = sourcecode.swift; path = NavigationModifier.swift; sourceTree = "<group>"; };
		04B97C652C737C2D0038C98C /* TabItemModifier.swift */ = {isa = PBXFileReference; fileEncoding = 4; lastKnownFileType = sourcecode.swift; path = TabItemModifier.swift; sourceTree = "<group>"; };
		04B97C662C737C2D0038C98C /* TextFieldModifier.swift */ = {isa = PBXFileReference; fileEncoding = 4; lastKnownFileType = sourcecode.swift; path = TextFieldModifier.swift; sourceTree = "<group>"; };
		04B97C672C737C2D0038C98C /* View+Extension.swift */ = {isa = PBXFileReference; fileEncoding = 4; lastKnownFileType = sourcecode.swift; path = "View+Extension.swift"; sourceTree = "<group>"; };
		04B97C692C737C2D0038C98C /* AsyncImageView.swift */ = {isa = PBXFileReference; fileEncoding = 4; lastKnownFileType = sourcecode.swift; path = AsyncImageView.swift; sourceTree = "<group>"; };
		04B97C6A2C737C2D0038C98C /* BackButton.swift */ = {isa = PBXFileReference; fileEncoding = 4; lastKnownFileType = sourcecode.swift; path = BackButton.swift; sourceTree = "<group>"; };
		04B97C6B2C737C2D0038C98C /* Badge.swift */ = {isa = PBXFileReference; fileEncoding = 4; lastKnownFileType = sourcecode.swift; path = Badge.swift; sourceTree = "<group>"; };
		04B97C6C2C737C2D0038C98C /* CapsuleTag.swift */ = {isa = PBXFileReference; fileEncoding = 4; lastKnownFileType = sourcecode.swift; path = CapsuleTag.swift; sourceTree = "<group>"; };
		04B97C6D2C737C2D0038C98C /* CustomPageControl.swift */ = {isa = PBXFileReference; fileEncoding = 4; lastKnownFileType = sourcecode.swift; path = CustomPageControl.swift; sourceTree = "<group>"; };
		04B97C6E2C737C2D0038C98C /* DefaultCheckBox.swift */ = {isa = PBXFileReference; fileEncoding = 4; lastKnownFileType = sourcecode.swift; path = DefaultCheckBox.swift; sourceTree = "<group>"; };
		04B97C6F2C737C2D0038C98C /* FlatButton.swift */ = {isa = PBXFileReference; fileEncoding = 4; lastKnownFileType = sourcecode.swift; path = FlatButton.swift; sourceTree = "<group>"; };
		04B97C702C737C2D0038C98C /* RoundedTextField.swift */ = {isa = PBXFileReference; fileEncoding = 4; lastKnownFileType = sourcecode.swift; path = RoundedTextField.swift; sourceTree = "<group>"; };
		04B97C712C737C2D0038C98C /* SearchBar.swift */ = {isa = PBXFileReference; fileEncoding = 4; lastKnownFileType = sourcecode.swift; path = SearchBar.swift; sourceTree = "<group>"; };
		04B97C722C737C2D0038C98C /* SignInKakaoButton.swift */ = {isa = PBXFileReference; fileEncoding = 4; lastKnownFileType = sourcecode.swift; path = SignInKakaoButton.swift; sourceTree = "<group>"; };
		04B97C732C737C2D0038C98C /* StrokedButton.swift */ = {isa = PBXFileReference; fileEncoding = 4; lastKnownFileType = sourcecode.swift; path = StrokedButton.swift; sourceTree = "<group>"; };
		04B97C752C737C2D0038C98C /* HomeViewModel.swift */ = {isa = PBXFileReference; fileEncoding = 4; lastKnownFileType = sourcecode.swift; path = HomeViewModel.swift; sourceTree = "<group>"; };
		04B97C762C737C2D0038C98C /* NotificationViewModel.swift */ = {isa = PBXFileReference; fileEncoding = 4; lastKnownFileType = sourcecode.swift; path = NotificationViewModel.swift; sourceTree = "<group>"; };
		04B97C772C737C2D0038C98C /* ParticipationRequestListViewModel.swift */ = {isa = PBXFileReference; fileEncoding = 4; lastKnownFileType = sourcecode.swift; path = ParticipationRequestListViewModel.swift; sourceTree = "<group>"; };
		04B97C782C737C2D0038C98C /* PlaceInformationDetailMakingViewModel.swift */ = {isa = PBXFileReference; fileEncoding = 4; lastKnownFileType = sourcecode.swift; path = PlaceInformationDetailMakingViewModel.swift; sourceTree = "<group>"; };
		04B97C792C737C2D0038C98C /* PlaceInformationDetailViewModel.swift */ = {isa = PBXFileReference; fileEncoding = 4; lastKnownFileType = sourcecode.swift; path = PlaceInformationDetailViewModel.swift; sourceTree = "<group>"; };
		04B97C7B2C737C2D0038C98C /* HomeView.swift */ = {isa = PBXFileReference; fileEncoding = 4; lastKnownFileType = sourcecode.swift; path = HomeView.swift; sourceTree = "<group>"; };
		04B97C7C2C737C2D0038C98C /* MapArea.swift */ = {isa = PBXFileReference; fileEncoding = 4; lastKnownFileType = sourcecode.swift; path = MapArea.swift; sourceTree = "<group>"; };
		04B97C7D2C737C2D0038C98C /* NotificationView.swift */ = {isa = PBXFileReference; fileEncoding = 4; lastKnownFileType = sourcecode.swift; path = NotificationView.swift; sourceTree = "<group>"; };
		04B97C7E2C737C2D0038C98C /* ParticipationRequestListView.swift */ = {isa = PBXFileReference; fileEncoding = 4; lastKnownFileType = sourcecode.swift; path = ParticipationRequestListView.swift; sourceTree = "<group>"; };
		04B97C7F2C737C2D0038C98C /* PlaceInformationDetailMakingView.swift */ = {isa = PBXFileReference; fileEncoding = 4; lastKnownFileType = sourcecode.swift; path = PlaceInformationDetailMakingView.swift; sourceTree = "<group>"; };
		04B97C802C737C2D0038C98C /* PlaceInformationDetailView.swift */ = {isa = PBXFileReference; fileEncoding = 4; lastKnownFileType = sourcecode.swift; path = PlaceInformationDetailView.swift; sourceTree = "<group>"; };
		04B97C812C737C2D0038C98C /* PlaceInformationView.swift */ = {isa = PBXFileReference; fileEncoding = 4; lastKnownFileType = sourcecode.swift; path = PlaceInformationView.swift; sourceTree = "<group>"; };
		04B97C822C737C2D0038C98C /* PlacesListArea.swift */ = {isa = PBXFileReference; fileEncoding = 4; lastKnownFileType = sourcecode.swift; path = PlacesListArea.swift; sourceTree = "<group>"; };
		04B97C852C737C2D0038C98C /* LoginView.swift */ = {isa = PBXFileReference; fileEncoding = 4; lastKnownFileType = sourcecode.swift; path = LoginView.swift; sourceTree = "<group>"; };
		04B97C862C737C2D0038C98C /* LoginViewModel.swift */ = {isa = PBXFileReference; fileEncoding = 4; lastKnownFileType = sourcecode.swift; path = LoginViewModel.swift; sourceTree = "<group>"; };
		04B97C882C737C2D0038C98C /* ContentView.swift */ = {isa = PBXFileReference; fileEncoding = 4; lastKnownFileType = sourcecode.swift; path = ContentView.swift; sourceTree = "<group>"; };
		04B97C8A2C737C2D0038C98C /* PlaceShowcaseViewModel.swift */ = {isa = PBXFileReference; fileEncoding = 4; lastKnownFileType = sourcecode.swift; path = PlaceShowcaseViewModel.swift; sourceTree = "<group>"; };
		04B97C8C2C737C2D0038C98C /* MyView.swift */ = {isa = PBXFileReference; fileEncoding = 4; lastKnownFileType = sourcecode.swift; path = MyView.swift; sourceTree = "<group>"; };
		04B97C8D2C737C2D0038C98C /* PlaceShowcaseView.swift */ = {isa = PBXFileReference; fileEncoding = 4; lastKnownFileType = sourcecode.swift; path = PlaceShowcaseView.swift; sourceTree = "<group>"; };
		04B97C902C737C2D0038C98C /* AlertType.swift */ = {isa = PBXFileReference; fileEncoding = 4; lastKnownFileType = sourcecode.swift; path = AlertType.swift; sourceTree = "<group>"; };
		04B97C912C737C2D0038C98C /* ConfirmationAction.swift */ = {isa = PBXFileReference; fileEncoding = 4; lastKnownFileType = sourcecode.swift; path = ConfirmationAction.swift; sourceTree = "<group>"; };
		04B97C922C737C2D0038C98C /* ConfirmationContent.swift */ = {isa = PBXFileReference; fileEncoding = 4; lastKnownFileType = sourcecode.swift; path = ConfirmationContent.swift; sourceTree = "<group>"; };
		04B97C932C737C2D0038C98C /* ConfirmationDialogType.swift */ = {isa = PBXFileReference; fileEncoding = 4; lastKnownFileType = sourcecode.swift; path = ConfirmationDialogType.swift; sourceTree = "<group>"; };
		04B97C952C737C2D0038C98C /* Route.swift */ = {isa = PBXFileReference; fileEncoding = 4; lastKnownFileType = sourcecode.swift; path = Route.swift; sourceTree = "<group>"; };
		04B97C962C737C2D0038C98C /* RouterView.swift */ = {isa = PBXFileReference; fileEncoding = 4; lastKnownFileType = sourcecode.swift; path = RouterView.swift; sourceTree = "<group>"; };
		04B97C982C737C2D0038C98C /* PreviewHelper.swift */ = {isa = PBXFileReference; fileEncoding = 4; lastKnownFileType = sourcecode.swift; path = PreviewHelper.swift; sourceTree = "<group>"; };
		04B97C9A2C737C2D0038C98C /* MultipleSelectionButton.swift */ = {isa = PBXFileReference; fileEncoding = 4; lastKnownFileType = sourcecode.swift; path = MultipleSelectionButton.swift; sourceTree = "<group>"; };
		04B97C9B2C737C2D0038C98C /* SingleSelectionButton.swift */ = {isa = PBXFileReference; fileEncoding = 4; lastKnownFileType = sourcecode.swift; path = SingleSelectionButton.swift; sourceTree = "<group>"; };
		04B97C9D2C737C2D0038C98C /* DefaultMultipleSelectionButton.swift */ = {isa = PBXFileReference; fileEncoding = 4; lastKnownFileType = sourcecode.swift; path = DefaultMultipleSelectionButton.swift; sourceTree = "<group>"; };
		04B97C9E2C737C2D0038C98C /* DefaultSingleSelectionButton.swift */ = {isa = PBXFileReference; fileEncoding = 4; lastKnownFileType = sourcecode.swift; path = DefaultSingleSelectionButton.swift; sourceTree = "<group>"; };
		04B97C9F2C737C2D0038C98C /* GenderSelectionButton.swift */ = {isa = PBXFileReference; fileEncoding = 4; lastKnownFileType = sourcecode.swift; path = GenderSelectionButton.swift; sourceTree = "<group>"; };
		04B97CA22C737C2D0038C98C /* BirthPicker.swift */ = {isa = PBXFileReference; fileEncoding = 4; lastKnownFileType = sourcecode.swift; path = BirthPicker.swift; sourceTree = "<group>"; };
		04B97CA32C737C2D0038C98C /* NicknameTextField.swift */ = {isa = PBXFileReference; fileEncoding = 4; lastKnownFileType = sourcecode.swift; path = NicknameTextField.swift; sourceTree = "<group>"; };
		04B97CA42C737C2D0038C98C /* PhotosUploaderView.swift */ = {isa = PBXFileReference; fileEncoding = 4; lastKnownFileType = sourcecode.swift; path = PhotosUploaderView.swift; sourceTree = "<group>"; };
		04B97CA62C737C2D0038C98C /* PhotosUploaderModifier.swift */ = {isa = PBXFileReference; fileEncoding = 4; lastKnownFileType = sourcecode.swift; path = PhotosUploaderModifier.swift; sourceTree = "<group>"; };
		04B97CA82C737C2D0038C98C /* RegistrationView.swift */ = {isa = PBXFileReference; fileEncoding = 4; lastKnownFileType = sourcecode.swift; path = RegistrationView.swift; sourceTree = "<group>"; };
		04B97CA92C737C2D0038C98C /* RegistrationViewModel.swift */ = {isa = PBXFileReference; fileEncoding = 4; lastKnownFileType = sourcecode.swift; path = RegistrationViewModel.swift; sourceTree = "<group>"; };
		04B97CAA2C737C2D0038C98C /* RegistrationViewValue.swift */ = {isa = PBXFileReference; fileEncoding = 4; lastKnownFileType = sourcecode.swift; path = RegistrationViewValue.swift; sourceTree = "<group>"; };
		04B97CAB2C737C2D0038C98C /* RequiredTermView.swift */ = {isa = PBXFileReference; fileEncoding = 4; lastKnownFileType = sourcecode.swift; path = RequiredTermView.swift; sourceTree = "<group>"; };
		04B97CAE2C737C2D0038C98C /* Selectable.swift */ = {isa = PBXFileReference; fileEncoding = 4; lastKnownFileType = sourcecode.swift; path = Selectable.swift; sourceTree = "<group>"; };
		04B97CB02C737C2D0038C98C /* AuthenticationProvider.swift */ = {isa = PBXFileReference; fileEncoding = 4; lastKnownFileType = sourcecode.swift; path = AuthenticationProvider.swift; sourceTree = "<group>"; };
		04B97CB12C737C2D0038C98C /* BlockedUser.swift */ = {isa = PBXFileReference; fileEncoding = 4; lastKnownFileType = sourcecode.swift; path = BlockedUser.swift; sourceTree = "<group>"; };
		04B97CB22C737C2D0038C98C /* Category.swift */ = {isa = PBXFileReference; fileEncoding = 4; lastKnownFileType = sourcecode.swift; path = Category.swift; sourceTree = "<group>"; };
		04B97CB32C737C2D0038C98C /* ChatMessage.swift */ = {isa = PBXFileReference; fileEncoding = 4; lastKnownFileType = sourcecode.swift; path = ChatMessage.swift; sourceTree = "<group>"; };
		04B97CB42C737C2D0038C98C /* ChatRoomConfiguration.swift */ = {isa = PBXFileReference; fileEncoding = 4; lastKnownFileType = sourcecode.swift; path = ChatRoomConfiguration.swift; sourceTree = "<group>"; };
		04B97CB52C737C2D0038C98C /* Community.swift */ = {isa = PBXFileReference; fileEncoding = 4; lastKnownFileType = sourcecode.swift; path = Community.swift; sourceTree = "<group>"; };
		04B97CB62C737C2D0038C98C /* DateFormat.swift */ = {isa = PBXFileReference; fileEncoding = 4; lastKnownFileType = sourcecode.swift; path = DateFormat.swift; sourceTree = "<group>"; };
		04B97CB72C737C2D0038C98C /* DayOfWeek.swift */ = {isa = PBXFileReference; fileEncoding = 4; lastKnownFileType = sourcecode.swift; path = DayOfWeek.swift; sourceTree = "<group>"; };
		04B97CB82C737C2D0038C98C /* Gender.swift */ = {isa = PBXFileReference; fileEncoding = 4; lastKnownFileType = sourcecode.swift; path = Gender.swift; sourceTree = "<group>"; };
		04B97CB92C737C2D0038C98C /* GroupSeatingState.swift */ = {isa = PBXFileReference; fileEncoding = 4; lastKnownFileType = sourcecode.swift; path = GroupSeatingState.swift; sourceTree = "<group>"; };
		04B97CBA2C737C2D0038C98C /* Job.swift */ = {isa = PBXFileReference; fileEncoding = 4; lastKnownFileType = sourcecode.swift; path = Job.swift; sourceTree = "<group>"; };
		04B97CBB2C737C2D0038C98C /* Location.swift */ = {isa = PBXFileReference; fileEncoding = 4; lastKnownFileType = sourcecode.swift; path = Location.swift; sourceTree = "<group>"; };
		04B97CBC2C737C2D0038C98C /* NoiseLevel.swift */ = {isa = PBXFileReference; fileEncoding = 4; lastKnownFileType = sourcecode.swift; path = NoiseLevel.swift; sourceTree = "<group>"; };
		04B97CBD2C737C2D0038C98C /* OpeningHour.swift */ = {isa = PBXFileReference; fileEncoding = 4; lastKnownFileType = sourcecode.swift; path = OpeningHour.swift; sourceTree = "<group>"; };
		04B97CBE2C737C2D0038C98C /* Place.swift */ = {isa = PBXFileReference; fileEncoding = 4; lastKnownFileType = sourcecode.swift; path = Place.swift; sourceTree = "<group>"; };
		04B97CBF2C737C2D0038C98C /* PowerSocketState.swift */ = {isa = PBXFileReference; fileEncoding = 4; lastKnownFileType = sourcecode.swift; path = PowerSocketState.swift; sourceTree = "<group>"; };
		04B97CC02C737C2D0038C98C /* PushNotification.swift */ = {isa = PBXFileReference; fileEncoding = 4; lastKnownFileType = sourcecode.swift; path = PushNotification.swift; sourceTree = "<group>"; };
		04B97CC12C737C2D0038C98C /* RegisterField.swift */ = {isa = PBXFileReference; fileEncoding = 4; lastKnownFileType = sourcecode.swift; path = RegisterField.swift; sourceTree = "<group>"; };
		04B97CC22C737C2D0038C98C /* Report.swift */ = {isa = PBXFileReference; fileEncoding = 4; lastKnownFileType = sourcecode.swift; path = Report.swift; sourceTree = "<group>"; };
		04B97CC32C737C2D0038C98C /* RequiredTerm.swift */ = {isa = PBXFileReference; fileEncoding = 4; lastKnownFileType = sourcecode.swift; path = RequiredTerm.swift; sourceTree = "<group>"; };
		04B97CC42C737C2D0038C98C /* SuggestedResult.swift */ = {isa = PBXFileReference; fileEncoding = 4; lastKnownFileType = sourcecode.swift; path = SuggestedResult.swift; sourceTree = "<group>"; };
		04B97CC52C737C2D0038C98C /* User.swift */ = {isa = PBXFileReference; fileEncoding = 4; lastKnownFileType = sourcecode.swift; path = User.swift; sourceTree = "<group>"; };
		04B97CC62C737C2D0038C98C /* UserCredential.swift */ = {isa = PBXFileReference; fileEncoding = 4; lastKnownFileType = sourcecode.swift; path = UserCredential.swift; sourceTree = "<group>"; };
		04B97CC82C737C2D0038C98C /* ChatUseCase.swift */ = {isa = PBXFileReference; fileEncoding = 4; lastKnownFileType = sourcecode.swift; path = ChatUseCase.swift; sourceTree = "<group>"; };
		04B97CCA2C737C2D0038C98C /* CommunityUseCase.swift */ = {isa = PBXFileReference; fileEncoding = 4; lastKnownFileType = sourcecode.swift; path = CommunityUseCase.swift; sourceTree = "<group>"; };
		04B97CCC2C737C2D0038C98C /* LocalMapUseCase.swift */ = {isa = PBXFileReference; fileEncoding = 4; lastKnownFileType = sourcecode.swift; path = LocalMapUseCase.swift; sourceTree = "<group>"; };
		04B97CCE2C737C2D0038C98C /* NotificationUseCase.swift */ = {isa = PBXFileReference; fileEncoding = 4; lastKnownFileType = sourcecode.swift; path = NotificationUseCase.swift; sourceTree = "<group>"; };
		04B97CD02C737C2D0038C98C /* PlaceShowcaseAndReviewUseCase.swift */ = {isa = PBXFileReference; fileEncoding = 4; lastKnownFileType = sourcecode.swift; path = PlaceShowcaseAndReviewUseCase.swift; sourceTree = "<group>"; };
		04B97CD22C737C2D0038C98C /* UserBusinessUseCase.swift */ = {isa = PBXFileReference; fileEncoding = 4; lastKnownFileType = sourcecode.swift; path = UserBusinessUseCase.swift; sourceTree = "<group>"; };
		04B97CD32C737C2D0038C98C /* UserRegistrationUseCase.swift */ = {isa = PBXFileReference; fileEncoding = 4; lastKnownFileType = sourcecode.swift; path = UserRegistrationUseCase.swift; sourceTree = "<group>"; };
		04B97CD72C737C2D0038C98C /* UserEntity.swift */ = {isa = PBXFileReference; fileEncoding = 4; lastKnownFileType = sourcecode.swift; path = UserEntity.swift; sourceTree = "<group>"; };
		04B97CD92C737C2D0038C98C /* ChatService.swift */ = {isa = PBXFileReference; fileEncoding = 4; lastKnownFileType = sourcecode.swift; path = ChatService.swift; sourceTree = "<group>"; };
		04B97CDB2C737C2D0038C98C /* ChatRoomCreateRequestEntity.swift */ = {isa = PBXFileReference; fileEncoding = 4; lastKnownFileType = sourcecode.swift; path = ChatRoomCreateRequestEntity.swift; sourceTree = "<group>"; };
		04B97CDC2C737C2D0038C98C /* CommunityRecruitingContentListResponseEntity.swift */ = {isa = PBXFileReference; fileEncoding = 4; lastKnownFileType = sourcecode.swift; path = CommunityRecruitingContentListResponseEntity.swift; sourceTree = "<group>"; };
		04B97CDD2C737C2D0038C98C /* CommunityRecruitingContentMakingRequestEntity.swift */ = {isa = PBXFileReference; fileEncoding = 4; lastKnownFileType = sourcecode.swift; path = CommunityRecruitingContentMakingRequestEntity.swift; sourceTree = "<group>"; };
		04B97CDE2C737C2D0038C98C /* CommunityRecruitingContentSearchResponseEntity.swift */ = {isa = PBXFileReference; fileEncoding = 4; lastKnownFileType = sourcecode.swift; path = CommunityRecruitingContentSearchResponseEntity.swift; sourceTree = "<group>"; };
		04B97CDF2C737C2D0038C98C /* DefaultResponseEntity.swift */ = {isa = PBXFileReference; fileEncoding = 4; lastKnownFileType = sourcecode.swift; path = DefaultResponseEntity.swift; sourceTree = "<group>"; };
		04B97CE02C737C2D0038C98C /* NicknameOverlappedResponseEntity.swift */ = {isa = PBXFileReference; fileEncoding = 4; lastKnownFileType = sourcecode.swift; path = NicknameOverlappedResponseEntity.swift; sourceTree = "<group>"; };
		04B97CE12C737C2D0038C98C /* OpponentUserProfileResponseEntity.swift */ = {isa = PBXFileReference; fileEncoding = 4; lastKnownFileType = sourcecode.swift; path = OpponentUserProfileResponseEntity.swift; sourceTree = "<group>"; };
		04B97CE22C737C2D0038C98C /* ParticipationRequestListResponseEntity.swift */ = {isa = PBXFileReference; fileEncoding = 4; lastKnownFileType = sourcecode.swift; path = ParticipationRequestListResponseEntity.swift; sourceTree = "<group>"; };
		04B97CE32C737C2D0038C98C /* PlaceReviewRequestEntity.swift */ = {isa = PBXFileReference; fileEncoding = 4; lastKnownFileType = sourcecode.swift; path = PlaceReviewRequestEntity.swift; sourceTree = "<group>"; };
		04B97CE42C737C2D0038C98C /* PlacesSearchResponseEntity.swift */ = {isa = PBXFileReference; fileEncoding = 4; lastKnownFileType = sourcecode.swift; path = PlacesSearchResponseEntity.swift; sourceTree = "<group>"; };
		04B97CE52C737C2D0038C98C /* RelatedCommunityRecruitingContentListResponseEntity.swift */ = {isa = PBXFileReference; fileEncoding = 4; lastKnownFileType = sourcecode.swift; path = RelatedCommunityRecruitingContentListResponseEntity.swift; sourceTree = "<group>"; };
		04B97CE62C737C2D0038C98C /* RelatedParticipationRequestListResponseEntity.swift */ = {isa = PBXFileReference; fileEncoding = 4; lastKnownFileType = sourcecode.swift; path = RelatedParticipationRequestListResponseEntity.swift; sourceTree = "<group>"; };
		04B97CE72C737C2D0038C98C /* RelatedPlaceListSearchResponseEntity.swift */ = {isa = PBXFileReference; fileEncoding = 4; lastKnownFileType = sourcecode.swift; path = RelatedPlaceListSearchResponseEntity.swift; sourceTree = "<group>"; };
		04B97CE82C737C2D0038C98C /* TokensEntity.swift */ = {isa = PBXFileReference; fileEncoding = 4; lastKnownFileType = sourcecode.swift; path = TokensEntity.swift; sourceTree = "<group>"; };
		04B97CE92C737C2D0038C98C /* UserProfileResponseEntity.swift */ = {isa = PBXFileReference; fileEncoding = 4; lastKnownFileType = sourcecode.swift; path = UserProfileResponseEntity.swift; sourceTree = "<group>"; };
		04B97CEA2C737C2D0038C98C /* UserProfileUpdateRequestEntity.swift */ = {isa = PBXFileReference; fileEncoding = 4; lastKnownFileType = sourcecode.swift; path = UserProfileUpdateRequestEntity.swift; sourceTree = "<group>"; };
		04B97CEB2C737C2D0038C98C /* UserRegistrationRequestEntity.swift */ = {isa = PBXFileReference; fileEncoding = 4; lastKnownFileType = sourcecode.swift; path = UserRegistrationRequestEntity.swift; sourceTree = "<group>"; };
		04B97CED2C737C2D0038C98C /* LocalMapService.swift */ = {isa = PBXFileReference; fileEncoding = 4; lastKnownFileType = sourcecode.swift; path = LocalMapService.swift; sourceTree = "<group>"; };
		04B97CEF2C737C2D0038C98C /* CLLocationManager.swift */ = {isa = PBXFileReference; fileEncoding = 4; lastKnownFileType = sourcecode.swift; path = CLLocationManager.swift; sourceTree = "<group>"; };
		04B97CF12C737C2D0038C98C /* LocationService.swift */ = {isa = PBXFileReference; fileEncoding = 4; lastKnownFileType = sourcecode.swift; path = LocationService.swift; sourceTree = "<group>"; };
		04B97CF32C737C2D0038C98C /* JSONDecoder.swift */ = {isa = PBXFileReference; fileEncoding = 4; lastKnownFileType = sourcecode.swift; path = JSONDecoder.swift; sourceTree = "<group>"; };
		04B97CF42C737C2D0038C98C /* JSONEncoder.swift */ = {isa = PBXFileReference; fileEncoding = 4; lastKnownFileType = sourcecode.swift; path = JSONEncoder.swift; sourceTree = "<group>"; };
		04B97CF52C737C2D0038C98C /* URLSession.swift */ = {isa = PBXFileReference; fileEncoding = 4; lastKnownFileType = sourcecode.swift; path = URLSession.swift; sourceTree = "<group>"; };
		04B97CF72C737C2D0038C98C /* Endpoint.swift */ = {isa = PBXFileReference; fileEncoding = 4; lastKnownFileType = sourcecode.swift; path = Endpoint.swift; sourceTree = "<group>"; };
		04B97CF82C737C2D0038C98C /* NetworkService.swift */ = {isa = PBXFileReference; fileEncoding = 4; lastKnownFileType = sourcecode.swift; path = NetworkService.swift; sourceTree = "<group>"; };
		04B97CF92C737C2D0038C98C /* NetworkSessionManager.swift */ = {isa = PBXFileReference; fileEncoding = 4; lastKnownFileType = sourcecode.swift; path = NetworkSessionManager.swift; sourceTree = "<group>"; };
		04B97CFB2C737C2D0038C98C /* Endpoint.swift */ = {isa = PBXFileReference; fileEncoding = 4; lastKnownFileType = sourcecode.swift; path = Endpoint.swift; sourceTree = "<group>"; };
		04B97CFD2C737C2D0038C98C /* TokenStorage.swift */ = {isa = PBXFileReference; fileEncoding = 4; lastKnownFileType = sourcecode.swift; path = TokenStorage.swift; sourceTree = "<group>"; };
		04B97D012C737C2D0038C98C /* AppRouter.swift */ = {isa = PBXFileReference; fileEncoding = 4; lastKnownFileType = sourcecode.swift; path = AppRouter.swift; sourceTree = "<group>"; };
		04B97D032C737C2D0038C98C /* Assembly.swift */ = {isa = PBXFileReference; fileEncoding = 4; lastKnownFileType = sourcecode.swift; path = Assembly.swift; sourceTree = "<group>"; };
		04B97D042C737C2D0038C98C /* DataAssembly.swift */ = {isa = PBXFileReference; fileEncoding = 4; lastKnownFileType = sourcecode.swift; path = DataAssembly.swift; sourceTree = "<group>"; };
		04B97D052C737C2D0038C98C /* DomainAssembly.swift */ = {isa = PBXFileReference; fileEncoding = 4; lastKnownFileType = sourcecode.swift; path = DomainAssembly.swift; sourceTree = "<group>"; };
		04B97D062C737C2D0038C98C /* InfrastructureAssembly.swift */ = {isa = PBXFileReference; fileEncoding = 4; lastKnownFileType = sourcecode.swift; path = InfrastructureAssembly.swift; sourceTree = "<group>"; };
		04B97D072C737C2D0038C98C /* PresentationAssembly.swift */ = {isa = PBXFileReference; fileEncoding = 4; lastKnownFileType = sourcecode.swift; path = PresentationAssembly.swift; sourceTree = "<group>"; };
		04B97D092C737C2D0038C98C /* Assembler.swift */ = {isa = PBXFileReference; fileEncoding = 4; lastKnownFileType = sourcecode.swift; path = Assembler.swift; sourceTree = "<group>"; };
		04B97D0A2C737C2D0038C98C /* DependencyContainer.swift */ = {isa = PBXFileReference; fileEncoding = 4; lastKnownFileType = sourcecode.swift; path = DependencyContainer.swift; sourceTree = "<group>"; };
		04B97D0B2C737C2D0038C98C /* DependencyRegister.swift */ = {isa = PBXFileReference; fileEncoding = 4; lastKnownFileType = sourcecode.swift; path = DependencyRegister.swift; sourceTree = "<group>"; };
		04B97D0C2C737C2D0038C98C /* DependencyResolver.swift */ = {isa = PBXFileReference; fileEncoding = 4; lastKnownFileType = sourcecode.swift; path = DependencyResolver.swift; sourceTree = "<group>"; };
		04B97D0E2C737C2D0038C98C /* Preview Assets.xcassets */ = {isa = PBXFileReference; lastKnownFileType = folder.assetcatalog; path = "Preview Assets.xcassets"; sourceTree = "<group>"; };
		04B97D102C737C2D0038C98C /* Assets.xcassets */ = {isa = PBXFileReference; lastKnownFileType = folder.assetcatalog; path = Assets.xcassets; sourceTree = "<group>"; };
		04B97D122C737C2D0038C98C /* ModakbulApp.swift */ = {isa = PBXFileReference; fileEncoding = 4; lastKnownFileType = sourcecode.swift; path = ModakbulApp.swift; sourceTree = "<group>"; };
		04B97D142C737C2D0038C98C /* Info.plist */ = {isa = PBXFileReference; fileEncoding = 4; lastKnownFileType = text.plist.xml; path = Info.plist; sourceTree = "<group>"; };
		04B97D152C737C2D0038C98C /* ChatRepository.swift */ = {isa = PBXFileReference; fileEncoding = 4; lastKnownFileType = sourcecode.swift; path = ChatRepository.swift; sourceTree = "<group>"; };
		04B97D172C737C2D0038C98C /* Bundle+Extension.swift */ = {isa = PBXFileReference; fileEncoding = 4; lastKnownFileType = sourcecode.swift; path = "Bundle+Extension.swift"; sourceTree = "<group>"; };
		04B97D192C737C2D0038C98C /* PlacesRepository.swift */ = {isa = PBXFileReference; fileEncoding = 4; lastKnownFileType = sourcecode.swift; path = PlacesRepository.swift; sourceTree = "<group>"; };
		04B97D1B2C737C2D0038C98C /* SocialLoginRepository.swift */ = {isa = PBXFileReference; fileEncoding = 4; lastKnownFileType = sourcecode.swift; path = SocialLoginRepository.swift; sourceTree = "<group>"; };
		04B97D1D2C737C2D0038C98C /* UserManagementRepository.swift */ = {isa = PBXFileReference; fileEncoding = 4; lastKnownFileType = sourcecode.swift; path = UserManagementRepository.swift; sourceTree = "<group>"; };
		04B97DAC2C737E480038C98C /* AppSecret.xcconfig */ = {isa = PBXFileReference; lastKnownFileType = text.xcconfig; path = AppSecret.xcconfig; sourceTree = "<group>"; };
/* End PBXFileReference section */

/* Begin PBXFrameworksBuildPhase section */
		045E282C2C737B2F00D3E4DE /* Frameworks */ = {
			isa = PBXFrameworksBuildPhase;
			buildActionMask = 2147483647;
			files = (
				04E6A5CE2C73804000038DB5 /* KakaoSDKUser in Frameworks */,
				04E6A5C72C737FD800038DB5 /* Moya in Frameworks */,
				04E6A5CC2C73804000038DB5 /* KakaoSDKCommon in Frameworks */,
				04E6A5CA2C73804000038DB5 /* KakaoSDKAuth in Frameworks */,
			);
			runOnlyForDeploymentPostprocessing = 0;
		};
/* End PBXFrameworksBuildPhase section */

/* Begin PBXGroup section */
		045E28262C737B2F00D3E4DE = {
			isa = PBXGroup;
			children = (
				045E28312C737B2F00D3E4DE /* Modakbul */,
				045E28302C737B2F00D3E4DE /* Products */,
			);
			sourceTree = "<group>";
		};
		045E28302C737B2F00D3E4DE /* Products */ = {
			isa = PBXGroup;
			children = (
				045E282F2C737B2F00D3E4DE /* Modakbul.app */,
			);
			name = Products;
			sourceTree = "<group>";
		};
		045E28312C737B2F00D3E4DE /* Modakbul */ = {
			isa = PBXGroup;
			children = (
				04B97D142C737C2D0038C98C /* Info.plist */,
				04B97D132C737C2D0038C98C /* Application */,
				04B97CAD2C737C2D0038C98C /* Presentation */,
				04B97CD62C737C2D0038C98C /* Domain */,
				04B97D1E2C737C2D0038C98C /* Data */,
				04B97D002C737C2D0038C98C /* Infrastructure */,
			);
			path = Modakbul;
			sourceTree = "<group>";
		};
		04B97C5F2C737C2D0038C98C /* Chat */ = {
			isa = PBXGroup;
			children = (
				04B97C5C2C737C2D0038C98C /* ChatRoomListView.swift */,
				04B97C5D2C737C2D0038C98C /* ChatView.swift */,
				04B97C5E2C737C2D0038C98C /* ReportView.swift */,
			);
			path = Chat;
			sourceTree = "<group>";
		};
		04B97C682C737C2D0038C98C /* Extensions */ = {
			isa = PBXGroup;
			children = (
				04B97C602C737C2D0038C98C /* AlertModifier.swift */,
				04B97C612C737C2D0038C98C /* ButtonStyle.swift */,
				04B97C622C737C2D0038C98C /* ConfirmationContentPresentable.swift */,
				04B97C632C737C2D0038C98C /* ConfirmationDialogModifier.swift */,
				04B97C642C737C2D0038C98C /* NavigationModifier.swift */,
				04B97C652C737C2D0038C98C /* TabItemModifier.swift */,
				04B97C662C737C2D0038C98C /* TextFieldModifier.swift */,
				04B97C672C737C2D0038C98C /* View+Extension.swift */,
			);
			path = Extensions;
			sourceTree = "<group>";
		};
		04B97C742C737C2D0038C98C /* Components */ = {
			isa = PBXGroup;
			children = (
				04B97C682C737C2D0038C98C /* Extensions */,
				04B97C692C737C2D0038C98C /* AsyncImageView.swift */,
				04B97C6A2C737C2D0038C98C /* BackButton.swift */,
				04B97C6B2C737C2D0038C98C /* Badge.swift */,
				04B97C6C2C737C2D0038C98C /* CapsuleTag.swift */,
				04B97C6D2C737C2D0038C98C /* CustomPageControl.swift */,
				04B97C6E2C737C2D0038C98C /* DefaultCheckBox.swift */,
				04B97C6F2C737C2D0038C98C /* FlatButton.swift */,
				04B97C702C737C2D0038C98C /* RoundedTextField.swift */,
				04B97C712C737C2D0038C98C /* SearchBar.swift */,
				04B97C722C737C2D0038C98C /* SignInKakaoButton.swift */,
				04B97C732C737C2D0038C98C /* StrokedButton.swift */,
			);
			path = Components;
			sourceTree = "<group>";
		};
		04B97C7A2C737C2D0038C98C /* ViewModels */ = {
			isa = PBXGroup;
			children = (
				04B97C752C737C2D0038C98C /* HomeViewModel.swift */,
				04B97C762C737C2D0038C98C /* NotificationViewModel.swift */,
				04B97C772C737C2D0038C98C /* ParticipationRequestListViewModel.swift */,
				04B97C782C737C2D0038C98C /* PlaceInformationDetailMakingViewModel.swift */,
				04B97C792C737C2D0038C98C /* PlaceInformationDetailViewModel.swift */,
			);
			path = ViewModels;
			sourceTree = "<group>";
		};
		04B97C832C737C2D0038C98C /* Views */ = {
			isa = PBXGroup;
			children = (
				04B97C7B2C737C2D0038C98C /* HomeView.swift */,
				04B97C7C2C737C2D0038C98C /* MapArea.swift */,
				04B97C7D2C737C2D0038C98C /* NotificationView.swift */,
				04B97C7E2C737C2D0038C98C /* ParticipationRequestListView.swift */,
				04B97C7F2C737C2D0038C98C /* PlaceInformationDetailMakingView.swift */,
				04B97C802C737C2D0038C98C /* PlaceInformationDetailView.swift */,
				04B97C812C737C2D0038C98C /* PlaceInformationView.swift */,
				04B97C822C737C2D0038C98C /* PlacesListArea.swift */,
			);
			path = Views;
			sourceTree = "<group>";
		};
		04B97C842C737C2D0038C98C /* Home */ = {
			isa = PBXGroup;
			children = (
				04B97C7A2C737C2D0038C98C /* ViewModels */,
				04B97C832C737C2D0038C98C /* Views */,
			);
			path = Home;
			sourceTree = "<group>";
		};
		04B97C872C737C2D0038C98C /* Login */ = {
			isa = PBXGroup;
			children = (
				04B97C852C737C2D0038C98C /* LoginView.swift */,
				04B97C862C737C2D0038C98C /* LoginViewModel.swift */,
			);
			path = Login;
			sourceTree = "<group>";
		};
		04B97C892C737C2D0038C98C /* Main */ = {
			isa = PBXGroup;
			children = (
				04B97C882C737C2D0038C98C /* ContentView.swift */,
			);
			path = Main;
			sourceTree = "<group>";
		};
		04B97C8B2C737C2D0038C98C /* ViewModels */ = {
			isa = PBXGroup;
			children = (
				04B97C8A2C737C2D0038C98C /* PlaceShowcaseViewModel.swift */,
			);
			path = ViewModels;
			sourceTree = "<group>";
		};
		04B97C8E2C737C2D0038C98C /* Views */ = {
			isa = PBXGroup;
			children = (
				04B97C8C2C737C2D0038C98C /* MyView.swift */,
				04B97C8D2C737C2D0038C98C /* PlaceShowcaseView.swift */,
			);
			path = Views;
			sourceTree = "<group>";
		};
		04B97C8F2C737C2D0038C98C /* My */ = {
			isa = PBXGroup;
			children = (
				04B97C8B2C737C2D0038C98C /* ViewModels */,
				04B97C8E2C737C2D0038C98C /* Views */,
			);
			path = My;
			sourceTree = "<group>";
		};
		04B97C942C737C2D0038C98C /* ConfirmationContent */ = {
			isa = PBXGroup;
			children = (
				04B97C902C737C2D0038C98C /* AlertType.swift */,
				04B97C912C737C2D0038C98C /* ConfirmationAction.swift */,
				04B97C922C737C2D0038C98C /* ConfirmationContent.swift */,
				04B97C932C737C2D0038C98C /* ConfirmationDialogType.swift */,
			);
			path = ConfirmationContent;
			sourceTree = "<group>";
		};
		04B97C972C737C2D0038C98C /* NavigationRouteView */ = {
			isa = PBXGroup;
			children = (
				04B97C942C737C2D0038C98C /* ConfirmationContent */,
				04B97C952C737C2D0038C98C /* Route.swift */,
				04B97C962C737C2D0038C98C /* RouterView.swift */,
			);
			path = NavigationRouteView;
			sourceTree = "<group>";
		};
		04B97C992C737C2D0038C98C /* PreviewHelper */ = {
			isa = PBXGroup;
			children = (
				04B97C982C737C2D0038C98C /* PreviewHelper.swift */,
			);
			path = PreviewHelper;
			sourceTree = "<group>";
		};
		04B97C9C2C737C2D0038C98C /* Builders */ = {
			isa = PBXGroup;
			children = (
				04B97C9A2C737C2D0038C98C /* MultipleSelectionButton.swift */,
				04B97C9B2C737C2D0038C98C /* SingleSelectionButton.swift */,
			);
			path = Builders;
			sourceTree = "<group>";
		};
		04B97CA02C737C2D0038C98C /* Types */ = {
			isa = PBXGroup;
			children = (
				04B97C9D2C737C2D0038C98C /* DefaultMultipleSelectionButton.swift */,
				04B97C9E2C737C2D0038C98C /* DefaultSingleSelectionButton.swift */,
				04B97C9F2C737C2D0038C98C /* GenderSelectionButton.swift */,
			);
			path = Types;
			sourceTree = "<group>";
		};
		04B97CA12C737C2D0038C98C /* Button */ = {
			isa = PBXGroup;
			children = (
				04B97C9C2C737C2D0038C98C /* Builders */,
				04B97CA02C737C2D0038C98C /* Types */,
			);
			path = Button;
			sourceTree = "<group>";
		};
		04B97CA52C737C2D0038C98C /* Components */ = {
			isa = PBXGroup;
			children = (
				04B97CA12C737C2D0038C98C /* Button */,
				04B97CA22C737C2D0038C98C /* BirthPicker.swift */,
				04B97CA32C737C2D0038C98C /* NicknameTextField.swift */,
				04B97CA42C737C2D0038C98C /* PhotosUploaderView.swift */,
			);
			path = Components;
			sourceTree = "<group>";
		};
		04B97CA72C737C2D0038C98C /* Extensions */ = {
			isa = PBXGroup;
			children = (
				04B97CA62C737C2D0038C98C /* PhotosUploaderModifier.swift */,
			);
			path = Extensions;
			sourceTree = "<group>";
		};
		04B97CAC2C737C2D0038C98C /* Registration */ = {
			isa = PBXGroup;
			children = (
				04B97CA52C737C2D0038C98C /* Components */,
				04B97CA72C737C2D0038C98C /* Extensions */,
				04B97CA82C737C2D0038C98C /* RegistrationView.swift */,
				04B97CA92C737C2D0038C98C /* RegistrationViewModel.swift */,
				04B97CAA2C737C2D0038C98C /* RegistrationViewValue.swift */,
				04B97CAB2C737C2D0038C98C /* RequiredTermView.swift */,
			);
			path = Registration;
			sourceTree = "<group>";
		};
		04B97CAD2C737C2D0038C98C /* Presentation */ = {
			isa = PBXGroup;
			children = (
				04B97C5F2C737C2D0038C98C /* Chat */,
				04B97C742C737C2D0038C98C /* Components */,
				04B97C842C737C2D0038C98C /* Home */,
				04B97C872C737C2D0038C98C /* Login */,
				04B97C892C737C2D0038C98C /* Main */,
				04B97C8F2C737C2D0038C98C /* My */,
				04B97C972C737C2D0038C98C /* NavigationRouteView */,
				04B97C992C737C2D0038C98C /* PreviewHelper */,
				04B97CAC2C737C2D0038C98C /* Registration */,
			);
			path = Presentation;
			sourceTree = "<group>";
		};
		04B97CAF2C737C2D0038C98C /* Interface */ = {
			isa = PBXGroup;
			children = (
				04B97CAE2C737C2D0038C98C /* Selectable.swift */,
			);
			path = Interface;
			sourceTree = "<group>";
		};
		04B97CC72C737C2D0038C98C /* Models */ = {
			isa = PBXGroup;
			children = (
				04B97CAF2C737C2D0038C98C /* Interface */,
				04B97CB02C737C2D0038C98C /* AuthenticationProvider.swift */,
				04B97CB12C737C2D0038C98C /* BlockedUser.swift */,
				04B97CB22C737C2D0038C98C /* Category.swift */,
				04B97CB32C737C2D0038C98C /* ChatMessage.swift */,
				04B97CB42C737C2D0038C98C /* ChatRoomConfiguration.swift */,
				04B97CB52C737C2D0038C98C /* Community.swift */,
				04B97CB62C737C2D0038C98C /* DateFormat.swift */,
				04B97CB72C737C2D0038C98C /* DayOfWeek.swift */,
				04B97CB82C737C2D0038C98C /* Gender.swift */,
				04B97CB92C737C2D0038C98C /* GroupSeatingState.swift */,
				04B97CBA2C737C2D0038C98C /* Job.swift */,
				04B97CBB2C737C2D0038C98C /* Location.swift */,
				04B97CBC2C737C2D0038C98C /* NoiseLevel.swift */,
				04B97CBD2C737C2D0038C98C /* OpeningHour.swift */,
				04B97CBE2C737C2D0038C98C /* Place.swift */,
				04B97CBF2C737C2D0038C98C /* PowerSocketState.swift */,
				04B97CC02C737C2D0038C98C /* PushNotification.swift */,
				04B97CC12C737C2D0038C98C /* RegisterField.swift */,
				04B97CC22C737C2D0038C98C /* Report.swift */,
				04B97CC32C737C2D0038C98C /* RequiredTerm.swift */,
				04B97CC42C737C2D0038C98C /* SuggestedResult.swift */,
				04B97CC52C737C2D0038C98C /* User.swift */,
				04B97CC62C737C2D0038C98C /* UserCredential.swift */,
			);
			path = Models;
			sourceTree = "<group>";
		};
		04B97CC92C737C2D0038C98C /* Chat */ = {
			isa = PBXGroup;
			children = (
				04B97CC82C737C2D0038C98C /* ChatUseCase.swift */,
			);
			path = Chat;
			sourceTree = "<group>";
		};
		04B97CCB2C737C2D0038C98C /* Community */ = {
			isa = PBXGroup;
			children = (
				04B97CCA2C737C2D0038C98C /* CommunityUseCase.swift */,
			);
			path = Community;
			sourceTree = "<group>";
		};
		04B97CCD2C737C2D0038C98C /* LocalMap */ = {
			isa = PBXGroup;
			children = (
				04B97CCC2C737C2D0038C98C /* LocalMapUseCase.swift */,
			);
			path = LocalMap;
			sourceTree = "<group>";
		};
		04B97CCF2C737C2D0038C98C /* Notification */ = {
			isa = PBXGroup;
			children = (
				04B97CCE2C737C2D0038C98C /* NotificationUseCase.swift */,
			);
			path = Notification;
			sourceTree = "<group>";
		};
		04B97CD12C737C2D0038C98C /* Place */ = {
			isa = PBXGroup;
			children = (
				04B97CD02C737C2D0038C98C /* PlaceShowcaseAndReviewUseCase.swift */,
			);
			path = Place;
			sourceTree = "<group>";
		};
		04B97CD42C737C2D0038C98C /* User */ = {
			isa = PBXGroup;
			children = (
				04B97CD22C737C2D0038C98C /* UserBusinessUseCase.swift */,
				04B97CD32C737C2D0038C98C /* UserRegistrationUseCase.swift */,
			);
			path = User;
			sourceTree = "<group>";
		};
		04B97CD52C737C2D0038C98C /* UseCases */ = {
			isa = PBXGroup;
			children = (
				04B97CC92C737C2D0038C98C /* Chat */,
				04B97CCB2C737C2D0038C98C /* Community */,
				04B97CCD2C737C2D0038C98C /* LocalMap */,
				04B97CCF2C737C2D0038C98C /* Notification */,
				04B97CD12C737C2D0038C98C /* Place */,
				04B97CD42C737C2D0038C98C /* User */,
			);
			path = UseCases;
			sourceTree = "<group>";
		};
		04B97CD62C737C2D0038C98C /* Domain */ = {
			isa = PBXGroup;
			children = (
				04B97CC72C737C2D0038C98C /* Models */,
				04B97CD52C737C2D0038C98C /* UseCases */,
			);
			path = Domain;
			sourceTree = "<group>";
		};
		04B97CD82C737C2D0038C98C /* Entities */ = {
			isa = PBXGroup;
			children = (
				04B97CD72C737C2D0038C98C /* UserEntity.swift */,
			);
			path = Entities;
			sourceTree = "<group>";
		};
		04B97CDA2C737C2D0038C98C /* Chat */ = {
			isa = PBXGroup;
			children = (
				04B97CD82C737C2D0038C98C /* Entities */,
				04B97CD92C737C2D0038C98C /* ChatService.swift */,
			);
			path = Chat;
			sourceTree = "<group>";
		};
		04B97CEC2C737C2D0038C98C /* Entities */ = {
			isa = PBXGroup;
			children = (
				04B97CDB2C737C2D0038C98C /* ChatRoomCreateRequestEntity.swift */,
				04B97CDC2C737C2D0038C98C /* CommunityRecruitingContentListResponseEntity.swift */,
				04B97CDD2C737C2D0038C98C /* CommunityRecruitingContentMakingRequestEntity.swift */,
				04B97CDE2C737C2D0038C98C /* CommunityRecruitingContentSearchResponseEntity.swift */,
				04B97CDF2C737C2D0038C98C /* DefaultResponseEntity.swift */,
				04B97CE02C737C2D0038C98C /* NicknameOverlappedResponseEntity.swift */,
				04B97CE12C737C2D0038C98C /* OpponentUserProfileResponseEntity.swift */,
				04B97CE22C737C2D0038C98C /* ParticipationRequestListResponseEntity.swift */,
				04B97CE32C737C2D0038C98C /* PlaceReviewRequestEntity.swift */,
				04B97CE42C737C2D0038C98C /* PlacesSearchResponseEntity.swift */,
				04B97CE52C737C2D0038C98C /* RelatedCommunityRecruitingContentListResponseEntity.swift */,
				04B97CE62C737C2D0038C98C /* RelatedParticipationRequestListResponseEntity.swift */,
				04B97CE72C737C2D0038C98C /* RelatedPlaceListSearchResponseEntity.swift */,
				04B97CE82C737C2D0038C98C /* TokensEntity.swift */,
				04B97CE92C737C2D0038C98C /* UserProfileResponseEntity.swift */,
				04B97CEA2C737C2D0038C98C /* UserProfileUpdateRequestEntity.swift */,
				04B97CEB2C737C2D0038C98C /* UserRegistrationRequestEntity.swift */,
			);
			path = Entities;
			sourceTree = "<group>";
		};
		04B97CEE2C737C2D0038C98C /* LocalMap */ = {
			isa = PBXGroup;
			children = (
				04B97CED2C737C2D0038C98C /* LocalMapService.swift */,
			);
			path = LocalMap;
			sourceTree = "<group>";
		};
		04B97CF02C737C2D0038C98C /* Extensions */ = {
			isa = PBXGroup;
			children = (
				04B97CEF2C737C2D0038C98C /* CLLocationManager.swift */,
			);
			path = Extensions;
			sourceTree = "<group>";
		};
		04B97CF22C737C2D0038C98C /* Location */ = {
			isa = PBXGroup;
			children = (
				04B97CF02C737C2D0038C98C /* Extensions */,
				04B97CF12C737C2D0038C98C /* LocationService.swift */,
			);
			path = Location;
			sourceTree = "<group>";
		};
		04B97CF62C737C2D0038C98C /* Extensions */ = {
			isa = PBXGroup;
			children = (
				04B97CF32C737C2D0038C98C /* JSONDecoder.swift */,
				04B97CF42C737C2D0038C98C /* JSONEncoder.swift */,
				04B97CF52C737C2D0038C98C /* URLSession.swift */,
			);
			path = Extensions;
			sourceTree = "<group>";
		};
		04B97CFA2C737C2D0038C98C /* Network */ = {
			isa = PBXGroup;
			children = (
				04B97CF62C737C2D0038C98C /* Extensions */,
				04B97CF72C737C2D0038C98C /* Endpoint.swift */,
				04B97CF82C737C2D0038C98C /* NetworkService.swift */,
				04B97CF92C737C2D0038C98C /* NetworkSessionManager.swift */,
			);
			path = Network;
			sourceTree = "<group>";
		};
		04B97CFC2C737C2D0038C98C /* Services */ = {
			isa = PBXGroup;
			children = (
				04B97CDA2C737C2D0038C98C /* Chat */,
				04B97CEC2C737C2D0038C98C /* Entities */,
				04B97CEE2C737C2D0038C98C /* LocalMap */,
				04B97CF22C737C2D0038C98C /* Location */,
				04B97CFA2C737C2D0038C98C /* Network */,
				04B97CFB2C737C2D0038C98C /* Endpoint.swift */,
				04B97DAC2C737E480038C98C /* AppSecret.xcconfig */,
			);
			path = Services;
			sourceTree = "<group>";
		};
		04B97CFE2C737C2D0038C98C /* TokenStorage */ = {
			isa = PBXGroup;
			children = (
				04B97CFD2C737C2D0038C98C /* TokenStorage.swift */,
			);
			path = TokenStorage;
			sourceTree = "<group>";
		};
		04B97CFF2C737C2D0038C98C /* Storages */ = {
			isa = PBXGroup;
			children = (
				04B97CFE2C737C2D0038C98C /* TokenStorage */,
			);
			path = Storages;
			sourceTree = "<group>";
		};
		04B97D002C737C2D0038C98C /* Infrastructure */ = {
			isa = PBXGroup;
			children = (
				04B97CFC2C737C2D0038C98C /* Services */,
				04B97CFF2C737C2D0038C98C /* Storages */,
			);
			path = Infrastructure;
			sourceTree = "<group>";
		};
		04B97D022C737C2D0038C98C /* AppRouter */ = {
			isa = PBXGroup;
			children = (
				04B97D012C737C2D0038C98C /* AppRouter.swift */,
			);
			path = AppRouter;
			sourceTree = "<group>";
		};
		04B97D082C737C2D0038C98C /* Assembly */ = {
			isa = PBXGroup;
			children = (
				04B97D032C737C2D0038C98C /* Assembly.swift */,
				04B97D042C737C2D0038C98C /* DataAssembly.swift */,
				04B97D052C737C2D0038C98C /* DomainAssembly.swift */,
				04B97D062C737C2D0038C98C /* InfrastructureAssembly.swift */,
				04B97D072C737C2D0038C98C /* PresentationAssembly.swift */,
			);
			path = Assembly;
			sourceTree = "<group>";
		};
		04B97D0D2C737C2D0038C98C /* DependencyContainer */ = {
			isa = PBXGroup;
			children = (
				04B97D082C737C2D0038C98C /* Assembly */,
				04B97D092C737C2D0038C98C /* Assembler.swift */,
				04B97D0A2C737C2D0038C98C /* DependencyContainer.swift */,
				04B97D0B2C737C2D0038C98C /* DependencyRegister.swift */,
				04B97D0C2C737C2D0038C98C /* DependencyResolver.swift */,
			);
			path = DependencyContainer;
			sourceTree = "<group>";
		};
		04B97D0F2C737C2D0038C98C /* Preview Content */ = {
			isa = PBXGroup;
			children = (
				04B97D0E2C737C2D0038C98C /* Preview Assets.xcassets */,
			);
			path = "Preview Content";
			sourceTree = "<group>";
		};
		04B97D112C737C2D0038C98C /* Resources */ = {
			isa = PBXGroup;
			children = (
				04B97D0F2C737C2D0038C98C /* Preview Content */,
				04B97D102C737C2D0038C98C /* Assets.xcassets */,
			);
			path = Resources;
			sourceTree = "<group>";
		};
		04B97D132C737C2D0038C98C /* Application */ = {
			isa = PBXGroup;
			children = (
				04B97D022C737C2D0038C98C /* AppRouter */,
				04B97D0D2C737C2D0038C98C /* DependencyContainer */,
				04B97D112C737C2D0038C98C /* Resources */,
				04B97D122C737C2D0038C98C /* ModakbulApp.swift */,
			);
			path = Application;
			sourceTree = "<group>";
		};
		04B97D162C737C2D0038C98C /* ChatRepository */ = {
			isa = PBXGroup;
			children = (
				04B97D152C737C2D0038C98C /* ChatRepository.swift */,
			);
			path = ChatRepository;
			sourceTree = "<group>";
		};
		04B97D182C737C2D0038C98C /* Extensions */ = {
			isa = PBXGroup;
			children = (
				04B97D172C737C2D0038C98C /* Bundle+Extension.swift */,
			);
			path = Extensions;
			sourceTree = "<group>";
		};
		04B97D1A2C737C2D0038C98C /* PlacesRepository */ = {
			isa = PBXGroup;
			children = (
				04B97D192C737C2D0038C98C /* PlacesRepository.swift */,
			);
			path = PlacesRepository;
			sourceTree = "<group>";
		};
		04B97D1C2C737C2D0038C98C /* SocialLoginRepository */ = {
			isa = PBXGroup;
			children = (
				04B97D1B2C737C2D0038C98C /* SocialLoginRepository.swift */,
			);
			path = SocialLoginRepository;
			sourceTree = "<group>";
		};
		04B97D1E2C737C2D0038C98C /* Data */ = {
			isa = PBXGroup;
			children = (
				04B97D162C737C2D0038C98C /* ChatRepository */,
				04B97D182C737C2D0038C98C /* Extensions */,
				04B97D1A2C737C2D0038C98C /* PlacesRepository */,
				04B97D1C2C737C2D0038C98C /* SocialLoginRepository */,
				04B97D1D2C737C2D0038C98C /* UserManagementRepository.swift */,
			);
			path = Data;
			sourceTree = "<group>";
		};
/* End PBXGroup section */

/* Begin PBXNativeTarget section */
		045E282E2C737B2F00D3E4DE /* Modakbul */ = {
			isa = PBXNativeTarget;
			buildConfigurationList = 045E283D2C737B3000D3E4DE /* Build configuration list for PBXNativeTarget "Modakbul" */;
			buildPhases = (
				045E282B2C737B2F00D3E4DE /* Sources */,
				045E282C2C737B2F00D3E4DE /* Frameworks */,
				045E282D2C737B2F00D3E4DE /* Resources */,
			);
			buildRules = (
			);
			dependencies = (
			);
			name = Modakbul;
			packageProductDependencies = (
				04E6A5C62C737FD800038DB5 /* Moya */,
				04E6A5C92C73804000038DB5 /* KakaoSDKAuth */,
				04E6A5CB2C73804000038DB5 /* KakaoSDKCommon */,
				04E6A5CD2C73804000038DB5 /* KakaoSDKUser */,
			);
			productName = Modakbul;
			productReference = 045E282F2C737B2F00D3E4DE /* Modakbul.app */;
			productType = "com.apple.product-type.application";
		};
/* End PBXNativeTarget section */

/* Begin PBXProject section */
		045E28272C737B2F00D3E4DE /* Project object */ = {
			isa = PBXProject;
			attributes = {
				BuildIndependentTargetsInParallel = 1;
				LastSwiftUpdateCheck = 1540;
				LastUpgradeCheck = 1540;
				TargetAttributes = {
					045E282E2C737B2F00D3E4DE = {
						CreatedOnToolsVersion = 15.4;
					};
				};
			};
			buildConfigurationList = 045E282A2C737B2F00D3E4DE /* Build configuration list for PBXProject "Modakbul" */;
			compatibilityVersion = "Xcode 14.0";
			developmentRegion = en;
			hasScannedForEncodings = 0;
			knownRegions = (
				en,
				Base,
			);
			mainGroup = 045E28262C737B2F00D3E4DE;
			packageReferences = (
				04E6A5C52C737FD800038DB5 /* XCRemoteSwiftPackageReference "Moya" */,
				04E6A5C82C73804000038DB5 /* XCRemoteSwiftPackageReference "kakao-ios-sdk" */,
			);
			productRefGroup = 045E28302C737B2F00D3E4DE /* Products */;
			projectDirPath = "";
			projectRoot = "";
			targets = (
				045E282E2C737B2F00D3E4DE /* Modakbul */,
			);
		};
/* End PBXProject section */

/* Begin PBXResourcesBuildPhase section */
		045E282D2C737B2F00D3E4DE /* Resources */ = {
			isa = PBXResourcesBuildPhase;
			buildActionMask = 2147483647;
			files = (
				04B97DAD2C737E480038C98C /* AppSecret.xcconfig in Resources */,
				04B97DA42C737C2D0038C98C /* Assets.xcassets in Resources */,
				04B97DA32C737C2D0038C98C /* Preview Assets.xcassets in Resources */,
			);
			runOnlyForDeploymentPostprocessing = 0;
		};
/* End PBXResourcesBuildPhase section */

/* Begin PBXSourcesBuildPhase section */
		045E282B2C737B2F00D3E4DE /* Sources */ = {
			isa = PBXSourcesBuildPhase;
			buildActionMask = 2147483647;
			files = (
				04B97D832C737C2D0038C98C /* OpponentUserProfileResponseEntity.swift in Sources */,
				04B97DA82C737C2D0038C98C /* Bundle+Extension.swift in Sources */,
				04B97D672C737C2D0038C98C /* Job.swift in Sources */,
				04B97D4E2C737C2D0038C98C /* PreviewHelper.swift in Sources */,
				04B97D842C737C2D0038C98C /* ParticipationRequestListResponseEntity.swift in Sources */,
				04B97D762C737C2D0038C98C /* LocalMapUseCase.swift in Sources */,
				04B97D852C737C2D0038C98C /* PlaceReviewRequestEntity.swift in Sources */,
				04B97DA02C737C2D0038C98C /* DependencyContainer.swift in Sources */,
				04B97D302C737C2D0038C98C /* FlatButton.swift in Sources */,
				04B97D5B2C737C2D0038C98C /* RequiredTermView.swift in Sources */,
				04B97D662C737C2D0038C98C /* GroupSeatingState.swift in Sources */,
				04B97D9B2C737C2D0038C98C /* DataAssembly.swift in Sources */,
				04B97D752C737C2D0038C98C /* CommunityUseCase.swift in Sources */,
				04B97D522C737C2D0038C98C /* DefaultSingleSelectionButton.swift in Sources */,
				04B97D8D2C737C2D0038C98C /* UserRegistrationRequestEntity.swift in Sources */,
				04B97D3A2C737C2D0038C98C /* HomeView.swift in Sources */,
				04B97D552C737C2D0038C98C /* NicknameTextField.swift in Sources */,
				04B97DAB2C737C2D0038C98C /* UserManagementRepository.swift in Sources */,
				04B97D202C737C2D0038C98C /* ChatView.swift in Sources */,
				04B97D452C737C2D0038C98C /* PlaceShowcaseViewModel.swift in Sources */,
				04B97D6A2C737C2D0038C98C /* OpeningHour.swift in Sources */,
				04B97D992C737C2D0038C98C /* AppRouter.swift in Sources */,
				04B97D632C737C2D0038C98C /* DateFormat.swift in Sources */,
				04B97D252C737C2D0038C98C /* ConfirmationDialogModifier.swift in Sources */,
				04B97DA12C737C2D0038C98C /* DependencyRegister.swift in Sources */,
				04B97D262C737C2D0038C98C /* NavigationModifier.swift in Sources */,
				04B97D882C737C2D0038C98C /* RelatedParticipationRequestListResponseEntity.swift in Sources */,
				04B97D8B2C737C2D0038C98C /* UserProfileResponseEntity.swift in Sources */,
				04B97D2F2C737C2D0038C98C /* DefaultCheckBox.swift in Sources */,
				04B97D352C737C2D0038C98C /* HomeViewModel.swift in Sources */,
				04B97D3B2C737C2D0038C98C /* MapArea.swift in Sources */,
				04B97D802C737C2D0038C98C /* CommunityRecruitingContentSearchResponseEntity.swift in Sources */,
				04B97D4C2C737C2D0038C98C /* Route.swift in Sources */,
				04B97D6D2C737C2D0038C98C /* PushNotification.swift in Sources */,
				04B97D6C2C737C2D0038C98C /* PowerSocketState.swift in Sources */,
				04B97D722C737C2D0038C98C /* User.swift in Sources */,
				04B97D442C737C2D0038C98C /* ContentView.swift in Sources */,
				04B97D272C737C2D0038C98C /* TabItemModifier.swift in Sources */,
				04B97D222C737C2D0038C98C /* AlertModifier.swift in Sources */,
				04B97D612C737C2D0038C98C /* ChatRoomConfiguration.swift in Sources */,
				04B97D7F2C737C2D0038C98C /* CommunityRecruitingContentMakingRequestEntity.swift in Sources */,
				04B97D982C737C2D0038C98C /* TokenStorage.swift in Sources */,
				04B97D822C737C2D0038C98C /* NicknameOverlappedResponseEntity.swift in Sources */,
				04B97D4A2C737C2D0038C98C /* ConfirmationContent.swift in Sources */,
				04B97D512C737C2D0038C98C /* DefaultMultipleSelectionButton.swift in Sources */,
				04B97D1F2C737C2D0038C98C /* ChatRoomListView.swift in Sources */,
				04B97D282C737C2D0038C98C /* TextFieldModifier.swift in Sources */,
				04B97D2C2C737C2D0038C98C /* Badge.swift in Sources */,
				04B97D342C737C2D0038C98C /* StrokedButton.swift in Sources */,
				04B97D912C737C2D0038C98C /* JSONDecoder.swift in Sources */,
				04B97D772C737C2D0038C98C /* NotificationUseCase.swift in Sources */,
				04B97D742C737C2D0038C98C /* ChatUseCase.swift in Sources */,
				04B97D812C737C2D0038C98C /* DefaultResponseEntity.swift in Sources */,
				04B97D9E2C737C2D0038C98C /* PresentationAssembly.swift in Sources */,
				04B97D872C737C2D0038C98C /* RelatedCommunityRecruitingContentListResponseEntity.swift in Sources */,
				04B97D292C737C2D0038C98C /* View+Extension.swift in Sources */,
				04B97D692C737C2D0038C98C /* NoiseLevel.swift in Sources */,
				04B97D8A2C737C2D0038C98C /* TokensEntity.swift in Sources */,
				04B97D402C737C2D0038C98C /* PlaceInformationView.swift in Sources */,
				04B97D232C737C2D0038C98C /* ButtonStyle.swift in Sources */,
				04B97D732C737C2D0038C98C /* UserCredential.swift in Sources */,
				04B97DA72C737C2D0038C98C /* ChatRepository.swift in Sources */,
				04B97D332C737C2D0038C98C /* SignInKakaoButton.swift in Sources */,
				04B97D602C737C2D0038C98C /* ChatMessage.swift in Sources */,
				04B97D482C737C2D0038C98C /* AlertType.swift in Sources */,
				04B97D642C737C2D0038C98C /* DayOfWeek.swift in Sources */,
				04B97D9F2C737C2D0038C98C /* Assembler.swift in Sources */,
				04B97D712C737C2D0038C98C /* SuggestedResult.swift in Sources */,
				04B97D3E2C737C2D0038C98C /* PlaceInformationDetailMakingView.swift in Sources */,
				04B97D8E2C737C2D0038C98C /* LocalMapService.swift in Sources */,
				04B97D242C737C2D0038C98C /* ConfirmationContentPresentable.swift in Sources */,
				04B97D8C2C737C2D0038C98C /* UserProfileUpdateRequestEntity.swift in Sources */,
				04B97DA52C737C2D0038C98C /* ModakbulApp.swift in Sources */,
				04B97D492C737C2D0038C98C /* ConfirmationAction.swift in Sources */,
				04B97D652C737C2D0038C98C /* Gender.swift in Sources */,
				04B97D7E2C737C2D0038C98C /* CommunityRecruitingContentListResponseEntity.swift in Sources */,
				04B97D2E2C737C2D0038C98C /* CustomPageControl.swift in Sources */,
				04B97D592C737C2D0038C98C /* RegistrationViewModel.swift in Sources */,
				04B97D8F2C737C2D0038C98C /* CLLocationManager.swift in Sources */,
				04B97D622C737C2D0038C98C /* Community.swift in Sources */,
				04B97D5C2C737C2D0038C98C /* Selectable.swift in Sources */,
				04B97D702C737C2D0038C98C /* RequiredTerm.swift in Sources */,
				04B97D562C737C2D0038C98C /* PhotosUploaderView.swift in Sources */,
				04B97DAA2C737C2D0038C98C /* SocialLoginRepository.swift in Sources */,
				04B97D362C737C2D0038C98C /* NotificationViewModel.swift in Sources */,
				04B97D792C737C2D0038C98C /* UserBusinessUseCase.swift in Sources */,
				04B97D922C737C2D0038C98C /* JSONEncoder.swift in Sources */,
				04B97D2D2C737C2D0038C98C /* CapsuleTag.swift in Sources */,
				04B97D212C737C2D0038C98C /* ReportView.swift in Sources */,
				04B97D6F2C737C2D0038C98C /* Report.swift in Sources */,
				04B97D392C737C2D0038C98C /* PlaceInformationDetailViewModel.swift in Sources */,
				04B97DA92C737C2D0038C98C /* PlacesRepository.swift in Sources */,
				04B97D9D2C737C2D0038C98C /* InfrastructureAssembly.swift in Sources */,
				04B97D3F2C737C2D0038C98C /* PlaceInformationDetailView.swift in Sources */,
				04B97D2B2C737C2D0038C98C /* BackButton.swift in Sources */,
				04B97D322C737C2D0038C98C /* SearchBar.swift in Sources */,
				04B97D532C737C2D0038C98C /* GenderSelectionButton.swift in Sources */,
				04B97D6E2C737C2D0038C98C /* RegisterField.swift in Sources */,
				04B97D902C737C2D0038C98C /* LocationService.swift in Sources */,
				04B97D5D2C737C2D0038C98C /* AuthenticationProvider.swift in Sources */,
				04B97D972C737C2D0038C98C /* Endpoint.swift in Sources */,
				04B97D932C737C2D0038C98C /* URLSession.swift in Sources */,
				04B97D9C2C737C2D0038C98C /* DomainAssembly.swift in Sources */,
				04B97D962C737C2D0038C98C /* NetworkSessionManager.swift in Sources */,
				04B97D7A2C737C2D0038C98C /* UserRegistrationUseCase.swift in Sources */,
				04B97D682C737C2D0038C98C /* Location.swift in Sources */,
				04B97D3D2C737C2D0038C98C /* ParticipationRequestListView.swift in Sources */,
				04B97D952C737C2D0038C98C /* NetworkService.swift in Sources */,
				04B97D782C737C2D0038C98C /* PlaceShowcaseAndReviewUseCase.swift in Sources */,
				04B97D432C737C2D0038C98C /* LoginViewModel.swift in Sources */,
				04B97D462C737C2D0038C98C /* MyView.swift in Sources */,
				04B97D372C737C2D0038C98C /* ParticipationRequestListViewModel.swift in Sources */,
				04B97D4F2C737C2D0038C98C /* MultipleSelectionButton.swift in Sources */,
				04B97D582C737C2D0038C98C /* RegistrationView.swift in Sources */,
				04B97D7B2C737C2D0038C98C /* UserEntity.swift in Sources */,
				04B97D542C737C2D0038C98C /* BirthPicker.swift in Sources */,
				04B97D572C737C2D0038C98C /* PhotosUploaderModifier.swift in Sources */,
				04B97D5A2C737C2D0038C98C /* RegistrationViewValue.swift in Sources */,
				04B97D942C737C2D0038C98C /* Endpoint.swift in Sources */,
				04B97D502C737C2D0038C98C /* SingleSelectionButton.swift in Sources */,
				04B97D7C2C737C2D0038C98C /* ChatService.swift in Sources */,
				04B97D862C737C2D0038C98C /* PlacesSearchResponseEntity.swift in Sources */,
				04B97D4D2C737C2D0038C98C /* RouterView.swift in Sources */,
				04B97D422C737C2D0038C98C /* LoginView.swift in Sources */,
				04B97D2A2C737C2D0038C98C /* AsyncImageView.swift in Sources */,
				04B97D472C737C2D0038C98C /* PlaceShowcaseView.swift in Sources */,
				04B97D4B2C737C2D0038C98C /* ConfirmationDialogType.swift in Sources */,
				04B97D312C737C2D0038C98C /* RoundedTextField.swift in Sources */,
				04B97D382C737C2D0038C98C /* PlaceInformationDetailMakingViewModel.swift in Sources */,
				04B97D7D2C737C2D0038C98C /* ChatRoomCreateRequestEntity.swift in Sources */,
				04B97DA22C737C2D0038C98C /* DependencyResolver.swift in Sources */,
				04B97D5F2C737C2D0038C98C /* Category.swift in Sources */,
				04B97D412C737C2D0038C98C /* PlacesListArea.swift in Sources */,
				04B97D892C737C2D0038C98C /* RelatedPlaceListSearchResponseEntity.swift in Sources */,
				04B97D3C2C737C2D0038C98C /* NotificationView.swift in Sources */,
				04B97D9A2C737C2D0038C98C /* Assembly.swift in Sources */,
				04B97D6B2C737C2D0038C98C /* Place.swift in Sources */,
				04B97D5E2C737C2D0038C98C /* BlockedUser.swift in Sources */,
			);
			runOnlyForDeploymentPostprocessing = 0;
		};
/* End PBXSourcesBuildPhase section */

/* Begin XCBuildConfiguration section */
		045E283B2C737B3000D3E4DE /* Debug */ = {
			isa = XCBuildConfiguration;
			buildSettings = {
				ALWAYS_SEARCH_USER_PATHS = NO;
				ASSETCATALOG_COMPILER_GENERATE_SWIFT_ASSET_SYMBOL_EXTENSIONS = YES;
				CLANG_ANALYZER_NONNULL = YES;
				CLANG_ANALYZER_NUMBER_OBJECT_CONVERSION = YES_AGGRESSIVE;
				CLANG_CXX_LANGUAGE_STANDARD = "gnu++20";
				CLANG_ENABLE_MODULES = YES;
				CLANG_ENABLE_OBJC_ARC = YES;
				CLANG_ENABLE_OBJC_WEAK = YES;
				CLANG_WARN_BLOCK_CAPTURE_AUTORELEASING = YES;
				CLANG_WARN_BOOL_CONVERSION = YES;
				CLANG_WARN_COMMA = YES;
				CLANG_WARN_CONSTANT_CONVERSION = YES;
				CLANG_WARN_DEPRECATED_OBJC_IMPLEMENTATIONS = YES;
				CLANG_WARN_DIRECT_OBJC_ISA_USAGE = YES_ERROR;
				CLANG_WARN_DOCUMENTATION_COMMENTS = YES;
				CLANG_WARN_EMPTY_BODY = YES;
				CLANG_WARN_ENUM_CONVERSION = YES;
				CLANG_WARN_INFINITE_RECURSION = YES;
				CLANG_WARN_INT_CONVERSION = YES;
				CLANG_WARN_NON_LITERAL_NULL_CONVERSION = YES;
				CLANG_WARN_OBJC_IMPLICIT_RETAIN_SELF = YES;
				CLANG_WARN_OBJC_LITERAL_CONVERSION = YES;
				CLANG_WARN_OBJC_ROOT_CLASS = YES_ERROR;
				CLANG_WARN_QUOTED_INCLUDE_IN_FRAMEWORK_HEADER = YES;
				CLANG_WARN_RANGE_LOOP_ANALYSIS = YES;
				CLANG_WARN_STRICT_PROTOTYPES = YES;
				CLANG_WARN_SUSPICIOUS_MOVE = YES;
				CLANG_WARN_UNGUARDED_AVAILABILITY = YES_AGGRESSIVE;
				CLANG_WARN_UNREACHABLE_CODE = YES;
				CLANG_WARN__DUPLICATE_METHOD_MATCH = YES;
				COPY_PHASE_STRIP = NO;
				DEBUG_INFORMATION_FORMAT = dwarf;
				ENABLE_STRICT_OBJC_MSGSEND = YES;
				ENABLE_TESTABILITY = YES;
				ENABLE_USER_SCRIPT_SANDBOXING = YES;
				GCC_C_LANGUAGE_STANDARD = gnu17;
				GCC_DYNAMIC_NO_PIC = NO;
				GCC_NO_COMMON_BLOCKS = YES;
				GCC_OPTIMIZATION_LEVEL = 0;
				GCC_PREPROCESSOR_DEFINITIONS = (
					"DEBUG=1",
					"$(inherited)",
				);
				GCC_WARN_64_TO_32_BIT_CONVERSION = YES;
				GCC_WARN_ABOUT_RETURN_TYPE = YES_ERROR;
				GCC_WARN_UNDECLARED_SELECTOR = YES;
				GCC_WARN_UNINITIALIZED_AUTOS = YES_AGGRESSIVE;
				GCC_WARN_UNUSED_FUNCTION = YES;
				GCC_WARN_UNUSED_VARIABLE = YES;
				IPHONEOS_DEPLOYMENT_TARGET = 16.0;
				LOCALIZATION_PREFERS_STRING_CATALOGS = YES;
				MTL_ENABLE_DEBUG_INFO = INCLUDE_SOURCE;
				MTL_FAST_MATH = YES;
				ONLY_ACTIVE_ARCH = YES;
				SDKROOT = iphoneos;
				SWIFT_ACTIVE_COMPILATION_CONDITIONS = "DEBUG $(inherited)";
				SWIFT_OPTIMIZATION_LEVEL = "-Onone";
			};
			name = Debug;
		};
		045E283C2C737B3000D3E4DE /* Release */ = {
			isa = XCBuildConfiguration;
			buildSettings = {
				ALWAYS_SEARCH_USER_PATHS = NO;
				ASSETCATALOG_COMPILER_GENERATE_SWIFT_ASSET_SYMBOL_EXTENSIONS = YES;
				CLANG_ANALYZER_NONNULL = YES;
				CLANG_ANALYZER_NUMBER_OBJECT_CONVERSION = YES_AGGRESSIVE;
				CLANG_CXX_LANGUAGE_STANDARD = "gnu++20";
				CLANG_ENABLE_MODULES = YES;
				CLANG_ENABLE_OBJC_ARC = YES;
				CLANG_ENABLE_OBJC_WEAK = YES;
				CLANG_WARN_BLOCK_CAPTURE_AUTORELEASING = YES;
				CLANG_WARN_BOOL_CONVERSION = YES;
				CLANG_WARN_COMMA = YES;
				CLANG_WARN_CONSTANT_CONVERSION = YES;
				CLANG_WARN_DEPRECATED_OBJC_IMPLEMENTATIONS = YES;
				CLANG_WARN_DIRECT_OBJC_ISA_USAGE = YES_ERROR;
				CLANG_WARN_DOCUMENTATION_COMMENTS = YES;
				CLANG_WARN_EMPTY_BODY = YES;
				CLANG_WARN_ENUM_CONVERSION = YES;
				CLANG_WARN_INFINITE_RECURSION = YES;
				CLANG_WARN_INT_CONVERSION = YES;
				CLANG_WARN_NON_LITERAL_NULL_CONVERSION = YES;
				CLANG_WARN_OBJC_IMPLICIT_RETAIN_SELF = YES;
				CLANG_WARN_OBJC_LITERAL_CONVERSION = YES;
				CLANG_WARN_OBJC_ROOT_CLASS = YES_ERROR;
				CLANG_WARN_QUOTED_INCLUDE_IN_FRAMEWORK_HEADER = YES;
				CLANG_WARN_RANGE_LOOP_ANALYSIS = YES;
				CLANG_WARN_STRICT_PROTOTYPES = YES;
				CLANG_WARN_SUSPICIOUS_MOVE = YES;
				CLANG_WARN_UNGUARDED_AVAILABILITY = YES_AGGRESSIVE;
				CLANG_WARN_UNREACHABLE_CODE = YES;
				CLANG_WARN__DUPLICATE_METHOD_MATCH = YES;
				COPY_PHASE_STRIP = NO;
				DEBUG_INFORMATION_FORMAT = "dwarf-with-dsym";
				ENABLE_NS_ASSERTIONS = NO;
				ENABLE_STRICT_OBJC_MSGSEND = YES;
				ENABLE_USER_SCRIPT_SANDBOXING = YES;
				GCC_C_LANGUAGE_STANDARD = gnu17;
				GCC_NO_COMMON_BLOCKS = YES;
				GCC_WARN_64_TO_32_BIT_CONVERSION = YES;
				GCC_WARN_ABOUT_RETURN_TYPE = YES_ERROR;
				GCC_WARN_UNDECLARED_SELECTOR = YES;
				GCC_WARN_UNINITIALIZED_AUTOS = YES_AGGRESSIVE;
				GCC_WARN_UNUSED_FUNCTION = YES;
				GCC_WARN_UNUSED_VARIABLE = YES;
				IPHONEOS_DEPLOYMENT_TARGET = 16.0;
				LOCALIZATION_PREFERS_STRING_CATALOGS = YES;
				MTL_ENABLE_DEBUG_INFO = NO;
				MTL_FAST_MATH = YES;
				SDKROOT = iphoneos;
				SWIFT_COMPILATION_MODE = wholemodule;
				VALIDATE_PRODUCT = YES;
			};
			name = Release;
		};
		045E283E2C737B3000D3E4DE /* Debug */ = {
			isa = XCBuildConfiguration;
			buildSettings = {
				ASSETCATALOG_COMPILER_APPICON_NAME = AppIcon;
				ASSETCATALOG_COMPILER_GLOBAL_ACCENT_COLOR_NAME = AccentColor;
				CODE_SIGN_STYLE = Automatic;
				CURRENT_PROJECT_VERSION = 1;
				DEVELOPMENT_ASSET_PATHS = "\"Modakbul/Application/Resources/Preview Content\"";
				DEVELOPMENT_TEAM = P85DW78LYM;
				ENABLE_PREVIEWS = YES;
				GENERATE_INFOPLIST_FILE = YES;
				INFOPLIST_FILE = Modakbul/Info.plist;
				INFOPLIST_KEY_CFBundleDisplayName = "모닥불";
				INFOPLIST_KEY_NSLocationWhenInUseUsageDescription = "지도를 표시하기 위해 사용자의 위치 정보가 필요합니다.";
				INFOPLIST_KEY_UIApplicationSceneManifest_Generation = YES;
				INFOPLIST_KEY_UIApplicationSupportsIndirectInputEvents = YES;
				INFOPLIST_KEY_UILaunchScreen_Generation = YES;
				INFOPLIST_KEY_UISupportedInterfaceOrientations = UIInterfaceOrientationPortrait;
				INFOPLIST_KEY_UISupportedInterfaceOrientations_iPad = "UIInterfaceOrientationPortrait UIInterfaceOrientationPortraitUpsideDown";
				IPHONEOS_DEPLOYMENT_TARGET = 16.0;
				LD_RUNPATH_SEARCH_PATHS = (
					"$(inherited)",
					"@executable_path/Frameworks",
				);
				MARKETING_VERSION = 1.0;
				PRODUCT_BUNDLE_IDENTIFIER = com.Modakbul;
				PRODUCT_NAME = "$(TARGET_NAME)";
				SUPPORTED_PLATFORMS = "iphoneos iphonesimulator";
				SUPPORTS_MACCATALYST = NO;
				SUPPORTS_MAC_DESIGNED_FOR_IPHONE_IPAD = NO;
				SUPPORTS_XR_DESIGNED_FOR_IPHONE_IPAD = NO;
				SWIFT_EMIT_LOC_STRINGS = YES;
				SWIFT_VERSION = 5.0;
				TARGETED_DEVICE_FAMILY = "1,2";
			};
			name = Debug;
		};
		045E283F2C737B3000D3E4DE /* Release */ = {
			isa = XCBuildConfiguration;
			buildSettings = {
				ASSETCATALOG_COMPILER_APPICON_NAME = AppIcon;
				ASSETCATALOG_COMPILER_GLOBAL_ACCENT_COLOR_NAME = AccentColor;
				CODE_SIGN_STYLE = Automatic;
				CURRENT_PROJECT_VERSION = 1;
				DEVELOPMENT_ASSET_PATHS = "\"Modakbul/Application/Resources/Preview Content\"";
				DEVELOPMENT_TEAM = P85DW78LYM;
				ENABLE_PREVIEWS = YES;
				GENERATE_INFOPLIST_FILE = YES;
				INFOPLIST_FILE = Modakbul/Info.plist;
				INFOPLIST_KEY_CFBundleDisplayName = "모닥불";
				INFOPLIST_KEY_NSLocationWhenInUseUsageDescription = "지도를 표시하기 위해 사용자의 위치 정보가 필요합니다.";
				INFOPLIST_KEY_UIApplicationSceneManifest_Generation = YES;
				INFOPLIST_KEY_UIApplicationSupportsIndirectInputEvents = YES;
				INFOPLIST_KEY_UILaunchScreen_Generation = YES;
				INFOPLIST_KEY_UISupportedInterfaceOrientations = UIInterfaceOrientationPortrait;
				INFOPLIST_KEY_UISupportedInterfaceOrientations_iPad = "UIInterfaceOrientationPortrait UIInterfaceOrientationPortraitUpsideDown";
				IPHONEOS_DEPLOYMENT_TARGET = 16.0;
				LD_RUNPATH_SEARCH_PATHS = (
					"$(inherited)",
					"@executable_path/Frameworks",
				);
				MARKETING_VERSION = 1.0;
				PRODUCT_BUNDLE_IDENTIFIER = com.Modakbul;
				PRODUCT_NAME = "$(TARGET_NAME)";
				SUPPORTED_PLATFORMS = "iphoneos iphonesimulator";
				SUPPORTS_MACCATALYST = NO;
				SUPPORTS_MAC_DESIGNED_FOR_IPHONE_IPAD = NO;
				SUPPORTS_XR_DESIGNED_FOR_IPHONE_IPAD = NO;
				SWIFT_EMIT_LOC_STRINGS = YES;
				SWIFT_VERSION = 5.0;
				TARGETED_DEVICE_FAMILY = "1,2";
			};
			name = Release;
		};
/* End XCBuildConfiguration section */

/* Begin XCConfigurationList section */
		045E282A2C737B2F00D3E4DE /* Build configuration list for PBXProject "Modakbul" */ = {
			isa = XCConfigurationList;
			buildConfigurations = (
				045E283B2C737B3000D3E4DE /* Debug */,
				045E283C2C737B3000D3E4DE /* Release */,
			);
			defaultConfigurationIsVisible = 0;
			defaultConfigurationName = Release;
		};
		045E283D2C737B3000D3E4DE /* Build configuration list for PBXNativeTarget "Modakbul" */ = {
			isa = XCConfigurationList;
			buildConfigurations = (
				045E283E2C737B3000D3E4DE /* Debug */,
				045E283F2C737B3000D3E4DE /* Release */,
			);
			defaultConfigurationIsVisible = 0;
			defaultConfigurationName = Release;
		};
/* End XCConfigurationList section */

/* Begin XCRemoteSwiftPackageReference section */
		04E6A5C52C737FD800038DB5 /* XCRemoteSwiftPackageReference "Moya" */ = {
			isa = XCRemoteSwiftPackageReference;
			repositoryURL = "https://github.com/Moya/Moya.git";
			requirement = {
				kind = upToNextMajorVersion;
				minimumVersion = 15.0.3;
			};
		};
		04E6A5C82C73804000038DB5 /* XCRemoteSwiftPackageReference "kakao-ios-sdk" */ = {
			isa = XCRemoteSwiftPackageReference;
			repositoryURL = "https://github.com/kakao/kakao-ios-sdk.git";
			requirement = {
				kind = upToNextMajorVersion;
				minimumVersion = 2.22.5;
			};
		};
/* End XCRemoteSwiftPackageReference section */

/* Begin XCSwiftPackageProductDependency section */
		04E6A5C62C737FD800038DB5 /* Moya */ = {
			isa = XCSwiftPackageProductDependency;
			package = 04E6A5C52C737FD800038DB5 /* XCRemoteSwiftPackageReference "Moya" */;
			productName = Moya;
		};
		04E6A5C92C73804000038DB5 /* KakaoSDKAuth */ = {
			isa = XCSwiftPackageProductDependency;
			package = 04E6A5C82C73804000038DB5 /* XCRemoteSwiftPackageReference "kakao-ios-sdk" */;
			productName = KakaoSDKAuth;
		};
		04E6A5CB2C73804000038DB5 /* KakaoSDKCommon */ = {
			isa = XCSwiftPackageProductDependency;
			package = 04E6A5C82C73804000038DB5 /* XCRemoteSwiftPackageReference "kakao-ios-sdk" */;
			productName = KakaoSDKCommon;
		};
		04E6A5CD2C73804000038DB5 /* KakaoSDKUser */ = {
			isa = XCSwiftPackageProductDependency;
			package = 04E6A5C82C73804000038DB5 /* XCRemoteSwiftPackageReference "kakao-ios-sdk" */;
			productName = KakaoSDKUser;
		};
/* End XCSwiftPackageProductDependency section */
	};
	rootObject = 045E28272C737B2F00D3E4DE /* Project object */;
}
